// !$*UTF8*$!
{
	archiveVersion = 1;
	classes = {
	};
	objectVersion = 46;
	objects = {

/* Begin PBXBuildFile section */
		0091D8F90E81B9330029341E /* OpenGL.framework in Frameworks */ = {isa = PBXBuildFile; fileRef = 0091D8F80E81B9330029341E /* OpenGL.framework */; };
		00B784B30FF439BC000DE1D7 /* Accelerate.framework in Frameworks */ = {isa = PBXBuildFile; fileRef = 00B784AF0FF439BC000DE1D7 /* Accelerate.framework */; };
		00B784B40FF439BC000DE1D7 /* AudioToolbox.framework in Frameworks */ = {isa = PBXBuildFile; fileRef = 00B784B00FF439BC000DE1D7 /* AudioToolbox.framework */; };
		00B784B50FF439BC000DE1D7 /* AudioUnit.framework in Frameworks */ = {isa = PBXBuildFile; fileRef = 00B784B10FF439BC000DE1D7 /* AudioUnit.framework */; };
		00B784B60FF439BC000DE1D7 /* CoreAudio.framework in Frameworks */ = {isa = PBXBuildFile; fileRef = 00B784B20FF439BC000DE1D7 /* CoreAudio.framework */; };
		10A80607178B1D910056A51F /* ciXtract.cpp in Sources */ = {isa = PBXBuildFile; fileRef = 10A8044A178B1D900056A51F /* ciXtract.cpp */; };
		10A80608178B1D910056A51F /* ciXtractFeature.cpp in Sources */ = {isa = PBXBuildFile; fileRef = 10A8044C178B1D900056A51F /* ciXtractFeature.cpp */; };
		10A8063C178B1D910056A51F /* delta.c in Sources */ = {isa = PBXBuildFile; fileRef = 10A8048C178B1D900056A51F /* delta.c */; };
		10A8063D178B1D910056A51F /* descriptors.c in Sources */ = {isa = PBXBuildFile; fileRef = 10A8048D178B1D900056A51F /* descriptors.c */; };
		10A8063E178B1D910056A51F /* dywapitchtrack.c in Sources */ = {isa = PBXBuildFile; fileRef = 10A8048F178B1D900056A51F /* dywapitchtrack.c */; };
		10A8063F178B1D910056A51F /* fini.c in Sources */ = {isa = PBXBuildFile; fileRef = 10A80492178B1D900056A51F /* fini.c */; };
		10A80640178B1D910056A51F /* helper.c in Sources */ = {isa = PBXBuildFile; fileRef = 10A80493178B1D900056A51F /* helper.c */; };
		10A80641178B1D910056A51F /* init.c in Sources */ = {isa = PBXBuildFile; fileRef = 10A80494178B1D900056A51F /* init.c */; };
		10A80642178B1D910056A51F /* libxtract.c in Sources */ = {isa = PBXBuildFile; fileRef = 10A80495178B1D900056A51F /* libxtract.c */; };
		10A80645178B1D910056A51F /* scalar.c in Sources */ = {isa = PBXBuildFile; fileRef = 10A8049A178B1D900056A51F /* scalar.c */; };
		10A80646178B1D910056A51F /* vector.c in Sources */ = {isa = PBXBuildFile; fileRef = 10A8049B178B1D900056A51F /* vector.c */; };
		10A80647178B1D910056A51F /* window.c in Sources */ = {isa = PBXBuildFile; fileRef = 10A8049C178B1D900056A51F /* window.c */; };
		343B87F1D37541969DAD76B5 /* BasicSampleApp.cpp in Sources */ = {isa = PBXBuildFile; fileRef = 88D61D9573D84451A7962325 /* BasicSampleApp.cpp */; };
		462138B189BD41ACAC6C5175 /* CinderApp.icns in Resources */ = {isa = PBXBuildFile; fileRef = ECD20A8A69C44ECEA941B828 /* CinderApp.icns */; };
		5323E6B20EAFCA74003A9687 /* CoreVideo.framework in Frameworks */ = {isa = PBXBuildFile; fileRef = 5323E6B10EAFCA74003A9687 /* CoreVideo.framework */; };
		5323E6B60EAFCA7E003A9687 /* QTKit.framework in Frameworks */ = {isa = PBXBuildFile; fileRef = 5323E6B50EAFCA7E003A9687 /* QTKit.framework */; };
		8D11072F0486CEB800E47090 /* Cocoa.framework in Frameworks */ = {isa = PBXBuildFile; fileRef = 1058C7A1FEA54F0111CA2CBB /* Cocoa.framework */; };
/* End PBXBuildFile section */

/* Begin PBXFileReference section */
		0091D8F80E81B9330029341E /* OpenGL.framework */ = {isa = PBXFileReference; lastKnownFileType = wrapper.framework; name = OpenGL.framework; path = /System/Library/Frameworks/OpenGL.framework; sourceTree = "<absolute>"; };
		00B784AF0FF439BC000DE1D7 /* Accelerate.framework */ = {isa = PBXFileReference; lastKnownFileType = wrapper.framework; name = Accelerate.framework; path = System/Library/Frameworks/Accelerate.framework; sourceTree = SDKROOT; };
		00B784B00FF439BC000DE1D7 /* AudioToolbox.framework */ = {isa = PBXFileReference; lastKnownFileType = wrapper.framework; name = AudioToolbox.framework; path = System/Library/Frameworks/AudioToolbox.framework; sourceTree = SDKROOT; };
		00B784B10FF439BC000DE1D7 /* AudioUnit.framework */ = {isa = PBXFileReference; lastKnownFileType = wrapper.framework; name = AudioUnit.framework; path = System/Library/Frameworks/AudioUnit.framework; sourceTree = SDKROOT; };
		00B784B20FF439BC000DE1D7 /* CoreAudio.framework */ = {isa = PBXFileReference; lastKnownFileType = wrapper.framework; name = CoreAudio.framework; path = System/Library/Frameworks/CoreAudio.framework; sourceTree = SDKROOT; };
		04E1EEF35B6D4971907E8D88 /* Info.plist */ = {isa = PBXFileReference; lastKnownFileType = text.plist.xml; path = Info.plist; sourceTree = "<group>"; };
		1058C7A1FEA54F0111CA2CBB /* Cocoa.framework */ = {isa = PBXFileReference; lastKnownFileType = wrapper.framework; name = Cocoa.framework; path = /System/Library/Frameworks/Cocoa.framework; sourceTree = "<absolute>"; };
		10A8044A178B1D900056A51F /* ciXtract.cpp */ = {isa = PBXFileReference; fileEncoding = 4; lastKnownFileType = sourcecode.cpp.cpp; path = ciXtract.cpp; sourceTree = "<group>"; };
		10A8044B178B1D900056A51F /* ciXtract.h */ = {isa = PBXFileReference; fileEncoding = 4; lastKnownFileType = sourcecode.c.h; path = ciXtract.h; sourceTree = "<group>"; };
		10A8044C178B1D900056A51F /* ciXtractFeature.cpp */ = {isa = PBXFileReference; fileEncoding = 4; lastKnownFileType = sourcecode.cpp.cpp; path = ciXtractFeature.cpp; sourceTree = "<group>"; };
		10A8044D178B1D900056A51F /* ciXtractFeature.h */ = {isa = PBXFileReference; fileEncoding = 4; lastKnownFileType = sourcecode.c.h; path = ciXtractFeature.h; sourceTree = "<group>"; };
		10A8048C178B1D900056A51F /* delta.c */ = {isa = PBXFileReference; fileEncoding = 4; lastKnownFileType = sourcecode.c.c; path = delta.c; sourceTree = "<group>"; };
		10A8048D178B1D900056A51F /* descriptors.c */ = {isa = PBXFileReference; fileEncoding = 4; lastKnownFileType = sourcecode.c.c; path = descriptors.c; sourceTree = "<group>"; };
		10A8048F178B1D900056A51F /* dywapitchtrack.c */ = {isa = PBXFileReference; fileEncoding = 4; lastKnownFileType = sourcecode.c.c; path = dywapitchtrack.c; sourceTree = "<group>"; };
		10A80490178B1D900056A51F /* dywapitchtrack.h */ = {isa = PBXFileReference; fileEncoding = 4; lastKnownFileType = sourcecode.c.h; path = dywapitchtrack.h; sourceTree = "<group>"; };
		10A80491178B1D900056A51F /* fft.h */ = {isa = PBXFileReference; fileEncoding = 4; lastKnownFileType = sourcecode.c.h; path = fft.h; sourceTree = "<group>"; };
		10A80492178B1D900056A51F /* fini.c */ = {isa = PBXFileReference; fileEncoding = 4; lastKnownFileType = sourcecode.c.c; path = fini.c; sourceTree = "<group>"; };
		10A80493178B1D900056A51F /* helper.c */ = {isa = PBXFileReference; fileEncoding = 4; lastKnownFileType = sourcecode.c.c; path = helper.c; sourceTree = "<group>"; };
		10A80494178B1D900056A51F /* init.c */ = {isa = PBXFileReference; fileEncoding = 4; lastKnownFileType = sourcecode.c.c; path = init.c; sourceTree = "<group>"; };
		10A80495178B1D900056A51F /* libxtract.c */ = {isa = PBXFileReference; fileEncoding = 4; lastKnownFileType = sourcecode.c.c; path = libxtract.c; sourceTree = "<group>"; };
		10A8049A178B1D900056A51F /* scalar.c */ = {isa = PBXFileReference; fileEncoding = 4; lastKnownFileType = sourcecode.c.c; path = scalar.c; sourceTree = "<group>"; };
		10A8049B178B1D900056A51F /* vector.c */ = {isa = PBXFileReference; fileEncoding = 4; lastKnownFileType = sourcecode.c.c; path = vector.c; sourceTree = "<group>"; };
		10A8049C178B1D900056A51F /* window.c */ = {isa = PBXFileReference; fileEncoding = 4; lastKnownFileType = sourcecode.c.c; path = window.c; sourceTree = "<group>"; };
		10A8049D178B1D900056A51F /* xtract_globals_private.h */ = {isa = PBXFileReference; fileEncoding = 4; lastKnownFileType = sourcecode.c.h; path = xtract_globals_private.h; sourceTree = "<group>"; };
		10A8049E178B1D900056A51F /* xtract_macros_private.h */ = {isa = PBXFileReference; fileEncoding = 4; lastKnownFileType = sourcecode.c.h; path = xtract_macros_private.h; sourceTree = "<group>"; };
		10A8049F178B1D900056A51F /* xtract_window_private.h */ = {isa = PBXFileReference; fileEncoding = 4; lastKnownFileType = sourcecode.c.h; path = xtract_window_private.h; sourceTree = "<group>"; };
		10A804AC178B1D910056A51F /* libxtract.h */ = {isa = PBXFileReference; fileEncoding = 4; lastKnownFileType = sourcecode.c.h; path = libxtract.h; sourceTree = "<group>"; };
		10A804AE178B1D910056A51F /* xtract_delta.h */ = {isa = PBXFileReference; fileEncoding = 4; lastKnownFileType = sourcecode.c.h; path = xtract_delta.h; sourceTree = "<group>"; };
		10A804AF178B1D910056A51F /* xtract_helper.h */ = {isa = PBXFileReference; fileEncoding = 4; lastKnownFileType = sourcecode.c.h; path = xtract_helper.h; sourceTree = "<group>"; };
		10A804B0178B1D910056A51F /* xtract_macros.h */ = {isa = PBXFileReference; fileEncoding = 4; lastKnownFileType = sourcecode.c.h; path = xtract_macros.h; sourceTree = "<group>"; };
		10A804B1178B1D910056A51F /* xtract_scalar.h */ = {isa = PBXFileReference; fileEncoding = 4; lastKnownFileType = sourcecode.c.h; path = xtract_scalar.h; sourceTree = "<group>"; };
		10A804B2178B1D910056A51F /* xtract_types.h */ = {isa = PBXFileReference; fileEncoding = 4; lastKnownFileType = sourcecode.c.h; path = xtract_types.h; sourceTree = "<group>"; };
		10A804B3178B1D910056A51F /* xtract_vector.h */ = {isa = PBXFileReference; fileEncoding = 4; lastKnownFileType = sourcecode.c.h; path = xtract_vector.h; sourceTree = "<group>"; };
		1ECE282548A442FA8562352B /* BasicSample_Prefix.pch */ = {isa = PBXFileReference; lastKnownFileType = "\"\""; path = BasicSample_Prefix.pch; sourceTree = "<group>"; };
		29B97324FDCFA39411CA2CEA /* AppKit.framework */ = {isa = PBXFileReference; lastKnownFileType = wrapper.framework; name = AppKit.framework; path = /System/Library/Frameworks/AppKit.framework; sourceTree = "<absolute>"; };
		29B97325FDCFA39411CA2CEA /* Foundation.framework */ = {isa = PBXFileReference; lastKnownFileType = wrapper.framework; name = Foundation.framework; path = /System/Library/Frameworks/Foundation.framework; sourceTree = "<absolute>"; };
		5323E6B10EAFCA74003A9687 /* CoreVideo.framework */ = {isa = PBXFileReference; lastKnownFileType = wrapper.framework; name = CoreVideo.framework; path = /System/Library/Frameworks/CoreVideo.framework; sourceTree = "<absolute>"; };
		5323E6B50EAFCA7E003A9687 /* QTKit.framework */ = {isa = PBXFileReference; lastKnownFileType = wrapper.framework; name = QTKit.framework; path = /System/Library/Frameworks/QTKit.framework; sourceTree = "<absolute>"; };
		88D61D9573D84451A7962325 /* BasicSampleApp.cpp */ = {isa = PBXFileReference; lastKnownFileType = sourcecode.c.cpp; name = BasicSampleApp.cpp; path = ../src/BasicSampleApp.cpp; sourceTree = "<group>"; };
		8D1107320486CEB800E47090 /* BasicSample.app */ = {isa = PBXFileReference; explicitFileType = wrapper.application; includeInIndex = 0; path = BasicSample.app; sourceTree = BUILT_PRODUCTS_DIR; };
		C9FB07E11EB34E16A7C2993B /* Resources.h */ = {isa = PBXFileReference; lastKnownFileType = sourcecode.c.h; name = Resources.h; path = ../include/Resources.h; sourceTree = "<group>"; };
		ECD20A8A69C44ECEA941B828 /* CinderApp.icns */ = {isa = PBXFileReference; lastKnownFileType = image.icns; name = CinderApp.icns; path = ../resources/CinderApp.icns; sourceTree = "<group>"; };
/* End PBXFileReference section */

/* Begin PBXFrameworksBuildPhase section */
		8D11072E0486CEB800E47090 /* Frameworks */ = {
			isa = PBXFrameworksBuildPhase;
			buildActionMask = 2147483647;
			files = (
				8D11072F0486CEB800E47090 /* Cocoa.framework in Frameworks */,
				0091D8F90E81B9330029341E /* OpenGL.framework in Frameworks */,
				5323E6B20EAFCA74003A9687 /* CoreVideo.framework in Frameworks */,
				5323E6B60EAFCA7E003A9687 /* QTKit.framework in Frameworks */,
				00B784B30FF439BC000DE1D7 /* Accelerate.framework in Frameworks */,
				00B784B40FF439BC000DE1D7 /* AudioToolbox.framework in Frameworks */,
				00B784B50FF439BC000DE1D7 /* AudioUnit.framework in Frameworks */,
				00B784B60FF439BC000DE1D7 /* CoreAudio.framework in Frameworks */,
			);
			runOnlyForDeploymentPostprocessing = 0;
		};
/* End PBXFrameworksBuildPhase section */

/* Begin PBXGroup section */
		01B97315FEAEA392516A2CEA /* Blocks */ = {
			isa = PBXGroup;
			children = (
				10A802D4178B1D900056A51F /* ciXtract */,
			);
			name = Blocks;
			sourceTree = "<group>";
		};
		080E96DDFE201D6D7F000001 /* Source */ = {
			isa = PBXGroup;
			children = (
				88D61D9573D84451A7962325 /* BasicSampleApp.cpp */,
			);
			name = Source;
			sourceTree = "<group>";
		};
		1058C7A0FEA54F0111CA2CBB /* Linked Frameworks */ = {
			isa = PBXGroup;
			children = (
				00B784AF0FF439BC000DE1D7 /* Accelerate.framework */,
				00B784B00FF439BC000DE1D7 /* AudioToolbox.framework */,
				00B784B10FF439BC000DE1D7 /* AudioUnit.framework */,
				00B784B20FF439BC000DE1D7 /* CoreAudio.framework */,
				5323E6B50EAFCA7E003A9687 /* QTKit.framework */,
				5323E6B10EAFCA74003A9687 /* CoreVideo.framework */,
				0091D8F80E81B9330029341E /* OpenGL.framework */,
				1058C7A1FEA54F0111CA2CBB /* Cocoa.framework */,
			);
			name = "Linked Frameworks";
			sourceTree = "<group>";
		};
		1058C7A2FEA54F0111CA2CBB /* Other Frameworks */ = {
			isa = PBXGroup;
			children = (
				29B97324FDCFA39411CA2CEA /* AppKit.framework */,
				29B97325FDCFA39411CA2CEA /* Foundation.framework */,
			);
			name = "Other Frameworks";
			sourceTree = "<group>";
		};
		10A802D4178B1D900056A51F /* ciXtract */ = {
			isa = PBXGroup;
			children = (
				10A80449178B1D900056A51F /* src */,
			);
			name = ciXtract;
			path = ../../..;
			sourceTree = "<group>";
		};
		10A80449178B1D900056A51F /* src */ = {
			isa = PBXGroup;
			children = (
				10A8044A178B1D900056A51F /* ciXtract.cpp */,
				10A8044B178B1D900056A51F /* ciXtract.h */,
				10A8044C178B1D900056A51F /* ciXtractFeature.cpp */,
				10A8044D178B1D900056A51F /* ciXtractFeature.h */,
				10A8044E178B1D900056A51F /* LibXtract */,
			);
			path = src;
			sourceTree = "<group>";
		};
		10A8044E178B1D900056A51F /* LibXtract */ = {
			isa = PBXGroup;
			children = (
				10A8048B178B1D900056A51F /* src */,
				10A804AB178B1D910056A51F /* xtract */,
			);
			path = LibXtract;
			sourceTree = "<group>";
		};
		10A8048B178B1D900056A51F /* src */ = {
			isa = PBXGroup;
			children = (
				10A8048C178B1D900056A51F /* delta.c */,
				10A8048D178B1D900056A51F /* descriptors.c */,
				10A8048E178B1D900056A51F /* dywapitchtrack */,
				10A80491178B1D900056A51F /* fft.h */,
				10A80492178B1D900056A51F /* fini.c */,
				10A80493178B1D900056A51F /* helper.c */,
				10A80494178B1D900056A51F /* init.c */,
				10A80495178B1D900056A51F /* libxtract.c */,
				10A8049A178B1D900056A51F /* scalar.c */,
				10A8049B178B1D900056A51F /* vector.c */,
				10A8049C178B1D900056A51F /* window.c */,
				10A8049D178B1D900056A51F /* xtract_globals_private.h */,
				10A8049E178B1D900056A51F /* xtract_macros_private.h */,
				10A8049F178B1D900056A51F /* xtract_window_private.h */,
			);
			path = src;
			sourceTree = "<group>";
		};
		10A8048E178B1D900056A51F /* dywapitchtrack */ = {
			isa = PBXGroup;
			children = (
				10A8048F178B1D900056A51F /* dywapitchtrack.c */,
				10A80490178B1D900056A51F /* dywapitchtrack.h */,
			);
			path = dywapitchtrack;
			sourceTree = "<group>";
		};
		10A804AB178B1D910056A51F /* xtract */ = {
			isa = PBXGroup;
			children = (
				10A804AC178B1D910056A51F /* libxtract.h */,
				10A804AE178B1D910056A51F /* xtract_delta.h */,
				10A804AF178B1D910056A51F /* xtract_helper.h */,
				10A804B0178B1D910056A51F /* xtract_macros.h */,
				10A804B1178B1D910056A51F /* xtract_scalar.h */,
				10A804B2178B1D910056A51F /* xtract_types.h */,
				10A804B3178B1D910056A51F /* xtract_vector.h */,
			);
			path = xtract;
			sourceTree = "<group>";
		};
		19C28FACFE9D520D11CA2CBB /* Products */ = {
			isa = PBXGroup;
			children = (
				8D1107320486CEB800E47090 /* BasicSample.app */,
			);
			name = Products;
			sourceTree = "<group>";
		};
		29B97314FDCFA39411CA2CEA /* BasicSample */ = {
			isa = PBXGroup;
			children = (
				01B97315FEAEA392516A2CEA /* Blocks */,
				29B97315FDCFA39411CA2CEA /* Headers */,
				080E96DDFE201D6D7F000001 /* Source */,
				29B97317FDCFA39411CA2CEA /* Resources */,
				29B97323FDCFA39411CA2CEA /* Frameworks */,
				19C28FACFE9D520D11CA2CBB /* Products */,
			);
			name = BasicSample;
			sourceTree = "<group>";
		};
		29B97315FDCFA39411CA2CEA /* Headers */ = {
			isa = PBXGroup;
			children = (
				C9FB07E11EB34E16A7C2993B /* Resources.h */,
				1ECE282548A442FA8562352B /* BasicSample_Prefix.pch */,
			);
			name = Headers;
			sourceTree = "<group>";
		};
		29B97317FDCFA39411CA2CEA /* Resources */ = {
			isa = PBXGroup;
			children = (
				ECD20A8A69C44ECEA941B828 /* CinderApp.icns */,
				04E1EEF35B6D4971907E8D88 /* Info.plist */,
			);
			name = Resources;
			sourceTree = "<group>";
		};
		29B97323FDCFA39411CA2CEA /* Frameworks */ = {
			isa = PBXGroup;
			children = (
				1058C7A0FEA54F0111CA2CBB /* Linked Frameworks */,
				1058C7A2FEA54F0111CA2CBB /* Other Frameworks */,
			);
			name = Frameworks;
			sourceTree = "<group>";
		};
/* End PBXGroup section */

/* Begin PBXNativeTarget section */
		8D1107260486CEB800E47090 /* BasicSample */ = {
			isa = PBXNativeTarget;
			buildConfigurationList = C01FCF4A08A954540054247B /* Build configuration list for PBXNativeTarget "BasicSample" */;
			buildPhases = (
				8D1107290486CEB800E47090 /* Resources */,
				8D11072C0486CEB800E47090 /* Sources */,
				8D11072E0486CEB800E47090 /* Frameworks */,
			);
			buildRules = (
			);
			dependencies = (
			);
			name = BasicSample;
			productInstallPath = "$(HOME)/Applications";
			productName = BasicSample;
			productReference = 8D1107320486CEB800E47090 /* BasicSample.app */;
			productType = "com.apple.product-type.application";
		};
/* End PBXNativeTarget section */

/* Begin PBXProject section */
		29B97313FDCFA39411CA2CEA /* Project object */ = {
			isa = PBXProject;
			buildConfigurationList = C01FCF4E08A954540054247B /* Build configuration list for PBXProject "BasicSample" */;
			compatibilityVersion = "Xcode 3.2";
			developmentRegion = English;
			hasScannedForEncodings = 1;
			knownRegions = (
				English,
				Japanese,
				French,
				German,
			);
			mainGroup = 29B97314FDCFA39411CA2CEA /* BasicSample */;
			projectDirPath = "";
			projectRoot = "";
			targets = (
				8D1107260486CEB800E47090 /* BasicSample */,
			);
		};
/* End PBXProject section */

/* Begin PBXResourcesBuildPhase section */
		8D1107290486CEB800E47090 /* Resources */ = {
			isa = PBXResourcesBuildPhase;
			buildActionMask = 2147483647;
			files = (
				462138B189BD41ACAC6C5175 /* CinderApp.icns in Resources */,
			);
			runOnlyForDeploymentPostprocessing = 0;
		};
/* End PBXResourcesBuildPhase section */

/* Begin PBXSourcesBuildPhase section */
		8D11072C0486CEB800E47090 /* Sources */ = {
			isa = PBXSourcesBuildPhase;
			buildActionMask = 2147483647;
			files = (
				343B87F1D37541969DAD76B5 /* BasicSampleApp.cpp in Sources */,
				10A80607178B1D910056A51F /* ciXtract.cpp in Sources */,
				10A80608178B1D910056A51F /* ciXtractFeature.cpp in Sources */,
				10A8063C178B1D910056A51F /* delta.c in Sources */,
				10A8063D178B1D910056A51F /* descriptors.c in Sources */,
				10A8063E178B1D910056A51F /* dywapitchtrack.c in Sources */,
				10A8063F178B1D910056A51F /* fini.c in Sources */,
				10A80640178B1D910056A51F /* helper.c in Sources */,
				10A80641178B1D910056A51F /* init.c in Sources */,
				10A80642178B1D910056A51F /* libxtract.c in Sources */,
				10A80645178B1D910056A51F /* scalar.c in Sources */,
				10A80646178B1D910056A51F /* vector.c in Sources */,
				10A80647178B1D910056A51F /* window.c in Sources */,
			);
			runOnlyForDeploymentPostprocessing = 0;
		};
/* End PBXSourcesBuildPhase section */

/* Begin XCBuildConfiguration section */
		C01FCF4B08A954540054247B /* Debug */ = {
			isa = XCBuildConfiguration;
			buildSettings = {
				COMBINE_HIDPI_IMAGES = YES;
				COPY_PHASE_STRIP = NO;
				DEAD_CODE_STRIPPING = YES;
				GCC_DYNAMIC_NO_PIC = NO;
				GCC_INLINES_ARE_PRIVATE_EXTERN = YES;
				GCC_OPTIMIZATION_LEVEL = 0;
				GCC_PRECOMPILE_PREFIX_HEADER = YES;
				GCC_PREFIX_HEADER = BasicSample_Prefix.pch;
				GCC_PREPROCESSOR_DEFINITIONS = (
					"DEBUG=1",
					"$(inherited)",
				);
				GCC_SYMBOLS_PRIVATE_EXTERN = NO;
				INFOPLIST_FILE = Info.plist;
				INSTALL_PATH = "$(HOME)/Applications";
				LIBRARY_SEARCH_PATHS = (
					"$(inherited)",
					"\"$(SRCROOT)/../../../../Cinder-Gwen/gwen/gwen/lib\"",
				);
				OTHER_LDFLAGS = "\"$(CINDER_PATH)/lib/libcinder_d.a\"";
				PRODUCT_NAME = BasicSample;
				SYMROOT = ./build;
				WRAPPER_EXTENSION = app;
			};
			name = Debug;
		};
		C01FCF4C08A954540054247B /* Release */ = {
			isa = XCBuildConfiguration;
			buildSettings = {
				COMBINE_HIDPI_IMAGES = YES;
				DEAD_CODE_STRIPPING = YES;
				DEBUG_INFORMATION_FORMAT = "dwarf-with-dsym";
				GCC_FAST_MATH = YES;
				GCC_GENERATE_DEBUGGING_SYMBOLS = NO;
				GCC_INLINES_ARE_PRIVATE_EXTERN = YES;
				GCC_OPTIMIZATION_LEVEL = 3;
				GCC_PRECOMPILE_PREFIX_HEADER = YES;
				GCC_PREFIX_HEADER = BasicSample_Prefix.pch;
				GCC_SYMBOLS_PRIVATE_EXTERN = NO;
				INFOPLIST_FILE = Info.plist;
				INSTALL_PATH = "$(HOME)/Applications";
				LIBRARY_SEARCH_PATHS = (
					"$(inherited)",
					"\"$(SRCROOT)/../../../../Cinder-Gwen/gwen/gwen/lib\"",
				);
				OTHER_LDFLAGS = "\"$(CINDER_PATH)/lib/libcinder.a\"";
				PRODUCT_NAME = BasicSample;
				STRIP_INSTALLED_PRODUCT = YES;
				SYMROOT = ./build;
				WRAPPER_EXTENSION = app;
			};
			name = Release;
		};
		C01FCF4F08A954540054247B /* Debug */ = {
			isa = XCBuildConfiguration;
			buildSettings = {
				ALWAYS_SEARCH_USER_PATHS = NO;
				ARCHS = x86_64;
				CINDER_PATH = ../../../../..;
				CLANG_CXX_LANGUAGE_STANDARD = "c++0x";
				CLANG_CXX_LIBRARY = "libc++";
				GCC_WARN_ABOUT_RETURN_TYPE = YES;
				GCC_WARN_UNUSED_VARIABLE = YES;
				HEADER_SEARCH_PATHS = "\"$(CINDER_PATH)/boost\"";
				MACOSX_DEPLOYMENT_TARGET = 10.7;
				SDKROOT = macosx;
				USER_HEADER_SEARCH_PATHS = "\"$(CINDER_PATH)/include\" ../include \"$(CINDER_PATH)/blocks/OSC/src\"";
			};
			name = Debug;
		};
		C01FCF5008A954540054247B /* Release */ = {
			isa = XCBuildConfiguration;
			buildSettings = {
				ALWAYS_SEARCH_USER_PATHS = NO;
				ARCHS = x86_64;
				CINDER_PATH = ../../../../..;
				CLANG_CXX_LANGUAGE_STANDARD = "c++0x";
				CLANG_CXX_LIBRARY = "libc++";
				GCC_WARN_ABOUT_RETURN_TYPE = YES;
				GCC_WARN_UNUSED_VARIABLE = YES;
				HEADER_SEARCH_PATHS = "\"$(CINDER_PATH)/boost\"";
				MACOSX_DEPLOYMENT_TARGET = 10.7;
				SDKROOT = macosx;
				USER_HEADER_SEARCH_PATHS = "\"$(CINDER_PATH)/include\" ../include \"$(CINDER_PATH)/blocks/OSC/src\"";
			};
			name = Release;
		};
/* End XCBuildConfiguration section */

/* Begin XCConfigurationList section */
		C01FCF4A08A954540054247B /* Build configuration list for PBXNativeTarget "BasicSample" */ = {
			isa = XCConfigurationList;
			buildConfigurations = (
				C01FCF4B08A954540054247B /* Debug */,
				C01FCF4C08A954540054247B /* Release */,
			);
			defaultConfigurationIsVisible = 0;
			defaultConfigurationName = Release;
		};
		C01FCF4E08A954540054247B /* Build configuration list for PBXProject "BasicSample" */ = {
			isa = XCConfigurationList;
			buildConfigurations = (
				C01FCF4F08A954540054247B /* Debug */,
				C01FCF5008A954540054247B /* Release */,
			);
			defaultConfigurationIsVisible = 0;
			defaultConfigurationName = Release;
		};
/* End XCConfigurationList section */
	};
	rootObject = 29B97313FDCFA39411CA2CEA /* Project object */;
}
