// !$*UTF8*$!
{
	archiveVersion = 1;
	classes = {
	};
	objectVersion = 44;
	objects = {

/* Begin PBXBuildFile section */
		0091D8F90E81B9330029341E /* OpenGL.framework in Frameworks */ = {isa = PBXBuildFile; fileRef = 0091D8F80E81B9330029341E /* OpenGL.framework */; };
		00B784B30FF439BC000DE1D7 /* Accelerate.framework in Frameworks */ = {isa = PBXBuildFile; fileRef = 00B784AF0FF439BC000DE1D7 /* Accelerate.framework */; };
		00B784B40FF439BC000DE1D7 /* AudioToolbox.framework in Frameworks */ = {isa = PBXBuildFile; fileRef = 00B784B00FF439BC000DE1D7 /* AudioToolbox.framework */; };
		00B784B50FF439BC000DE1D7 /* AudioUnit.framework in Frameworks */ = {isa = PBXBuildFile; fileRef = 00B784B10FF439BC000DE1D7 /* AudioUnit.framework */; };
		00B784B60FF439BC000DE1D7 /* CoreAudio.framework in Frameworks */ = {isa = PBXBuildFile; fileRef = 00B784B20FF439BC000DE1D7 /* CoreAudio.framework */; };
		5323E6B20EAFCA74003A9687 /* CoreVideo.framework in Frameworks */ = {isa = PBXBuildFile; fileRef = 5323E6B10EAFCA74003A9687 /* CoreVideo.framework */; };
		5323E6B60EAFCA7E003A9687 /* QTKit.framework in Frameworks */ = {isa = PBXBuildFile; fileRef = 5323E6B50EAFCA7E003A9687 /* QTKit.framework */; };
		8D11072F0486CEB800E47090 /* Cocoa.framework in Frameworks */ = {isa = PBXBuildFile; fileRef = 1058C7A1FEA54F0111CA2CBB /* Cocoa.framework */; };
		1CBEB2B6818A489C84B6C972 /* xtract_vector.h in Headers */ = {isa = PBXBuildFile; fileRef = 89AB8B3F0C2544B9A3FE07C1 /* xtract_vector.h */; };
		C147210DA07A4C6595003166 /* xtract_types.h in Headers */ = {isa = PBXBuildFile; fileRef = EDB5995D0C5A4C159DA00BDA /* xtract_types.h */; };
		82F38EE027D64A5D9E7F4FE1 /* xtract_scalar.h in Headers */ = {isa = PBXBuildFile; fileRef = BD6DB2511C324497924AA590 /* xtract_scalar.h */; };
		43575B4412EC4373936A6025 /* xtract_macros.h in Headers */ = {isa = PBXBuildFile; fileRef = 96CD4ADF39624EBFA1A9F536 /* xtract_macros.h */; };
		7A8DE717CA6541D68ADAF538 /* xtract_helper.h in Headers */ = {isa = PBXBuildFile; fileRef = 0712315D936A47A2BC7AD8C4 /* xtract_helper.h */; };
		7BFA49FF7F66485EBA966B14 /* xtract_delta.h in Headers */ = {isa = PBXBuildFile; fileRef = 492F9585B29C4280B2D792FC /* xtract_delta.h */; };
		781F36B198454B65941D696E /* libxtract.h in Headers */ = {isa = PBXBuildFile; fileRef = 8FAC33583B9540BE95930A5E /* libxtract.h */; };
		A5DC1935FDF5494CA3F379F2 /* fftsg.h in Headers */ = {isa = PBXBuildFile; fileRef = B12B615EA0664843A03379E8 /* fftsg.h */; };
		EF0B6870A902477882C942A3 /* fftsg.c in Headers */ = {isa = PBXBuildFile; fileRef = 42BB218309EF45CC87585609 /* fftsg.c */; };
		DEBB6473915542A89D033D0D /* dywapitchtrack.h in Headers */ = {isa = PBXBuildFile; fileRef = 3629F29339BB40CAB8066A54 /* dywapitchtrack.h */; };
		9ECF72B5D9E64516BCE654DD /* xtract_window_private.h in Headers */ = {isa = PBXBuildFile; fileRef = AB377ACAAA7C423E9C75171F /* xtract_window_private.h */; };
		E6AAC20A4137464184DF1F6C /* xtract_macros_private.h in Headers */ = {isa = PBXBuildFile; fileRef = 9CCDCE2C4A4F44759A4950A0 /* xtract_macros_private.h */; };
		6D04BBA63441499DBF8E8226 /* xtract_globals_private.h in Headers */ = {isa = PBXBuildFile; fileRef = B07A312A6E314965992F3527 /* xtract_globals_private.h */; };
		762231449A12456880DB0B17 /* fft.h in Headers */ = {isa = PBXBuildFile; fileRef = FACEC45516E8430DB3656C8F /* fft.h */; };
		6C443340948D4D159BAAC0CB /* ciXtractFeature.h in Headers */ = {isa = PBXBuildFile; fileRef = 8C22B38D65A54B4BAE0E57F4 /* ciXtractFeature.h */; };
		9E5BBA73F8954A32955B3B36 /* ciXtract.h in Headers */ = {isa = PBXBuildFile; fileRef = B64787F275194F5F90AC63AB /* ciXtract.h */; };
		0847D5CCE54F43CE9D8ED2AA /* dywapitchtrack.c in Sources */ = {isa = PBXBuildFile; fileRef = BF5B9AC2CCC3450DB0F7459A /* dywapitchtrack.c */; };
		E847BB49D61B4680910AB457 /* window.c in Sources */ = {isa = PBXBuildFile; fileRef = 89FAFE1B68DA499097FE2B5C /* window.c */; };
		9F1ADA11FE424487993F90F6 /* vector.c in Sources */ = {isa = PBXBuildFile; fileRef = 7695E9FFC2EC4A98A0674458 /* vector.c */; };
		9723405BC044488088F5CCBD /* scalar.c in Sources */ = {isa = PBXBuildFile; fileRef = E97E313BE54D497FA0E5FECF /* scalar.c */; };
		9A5D21AE2B15405E8531F4B7 /* libxtract.c in Sources */ = {isa = PBXBuildFile; fileRef = BB09501D18A2451B9C82625F /* libxtract.c */; };
		A57E48DAB4C346DAAF587E05 /* init.c in Sources */ = {isa = PBXBuildFile; fileRef = 87D1CE9DD824432AADC86AAC /* init.c */; };
		AEEB8EFF4F9743B5B17AAD4E /* helper.c in Sources */ = {isa = PBXBuildFile; fileRef = 422B559D72494627861E8139 /* helper.c */; };
		C0C9B7E653654BDEA57BBDA1 /* fini.c in Sources */ = {isa = PBXBuildFile; fileRef = 34ACA96C69A647CF9463BB38 /* fini.c */; };
		2BB1BD47F319478090699F87 /* descriptors.c in Sources */ = {isa = PBXBuildFile; fileRef = 27EA45BAC26244F69F17688A /* descriptors.c */; };
		23E1E4E481C74A128B72576E /* delta.c in Sources */ = {isa = PBXBuildFile; fileRef = 865924DFB9E044F0B9E65BEB /* delta.c */; };
		4EA3856520634A7E94E56088 /* ciXtractFeature.cpp in Sources */ = {isa = PBXBuildFile; fileRef = 35B7C220BFD94F04A9224EF7 /* ciXtractFeature.cpp */; };
		5878332941AD4FAB932CE913 /* ciXtract.cpp in Sources */ = {isa = PBXBuildFile; fileRef = 764C49FC7B0F4A828F61D57E /* ciXtract.cpp */; };
		0A1CD8D3D5B14C6BA4F6D288 /* BasicSampleApp.cpp in Sources */ = {isa = PBXBuildFile; fileRef = B4C151E51AD64B9090C7F619 /* BasicSampleApp.cpp */; };
		D828EF72DFAF407390520298 /* BasicSample_Prefix.pch in Headers */ = {isa = PBXBuildFile; fileRef = 5B29A35B723C4C889E07A1A0 /* BasicSample_Prefix.pch */; };
		D43486A5265448C3BE3A327A /* CinderApp.icns in Resources */ = {isa = PBXBuildFile; fileRef = FA9D512F32CD4B27A1730D76 /* CinderApp.icns */; };
		ADA14E3E5A244B0388E35C72 /* Resources.h in Headers */ = {isa = PBXBuildFile; fileRef = 052F5503E2834F6B81EED8BD /* Resources.h */; };
/* End PBXBuildFile section */

/* Begin PBXFileReference section */
		0091D8F80E81B9330029341E /* OpenGL.framework */ = {isa = PBXFileReference; lastKnownFileType = wrapper.framework; name = OpenGL.framework; path = /System/Library/Frameworks/OpenGL.framework; sourceTree = "<absolute>"; };
		00B784AF0FF439BC000DE1D7 /* Accelerate.framework */ = {isa = PBXFileReference; lastKnownFileType = wrapper.framework; name = Accelerate.framework; path = System/Library/Frameworks/Accelerate.framework; sourceTree = SDKROOT; };
		00B784B00FF439BC000DE1D7 /* AudioToolbox.framework */ = {isa = PBXFileReference; lastKnownFileType = wrapper.framework; name = AudioToolbox.framework; path = System/Library/Frameworks/AudioToolbox.framework; sourceTree = SDKROOT; };
		00B784B10FF439BC000DE1D7 /* AudioUnit.framework */ = {isa = PBXFileReference; lastKnownFileType = wrapper.framework; name = AudioUnit.framework; path = System/Library/Frameworks/AudioUnit.framework; sourceTree = SDKROOT; };
		00B784B20FF439BC000DE1D7 /* CoreAudio.framework */ = {isa = PBXFileReference; lastKnownFileType = wrapper.framework; name = CoreAudio.framework; path = System/Library/Frameworks/CoreAudio.framework; sourceTree = SDKROOT; };
		1058C7A1FEA54F0111CA2CBB /* Cocoa.framework */ = {isa = PBXFileReference; lastKnownFileType = wrapper.framework; name = Cocoa.framework; path = /System/Library/Frameworks/Cocoa.framework; sourceTree = "<absolute>"; };
		29B97324FDCFA39411CA2CEA /* AppKit.framework */ = {isa = PBXFileReference; lastKnownFileType = wrapper.framework; name = AppKit.framework; path = /System/Library/Frameworks/AppKit.framework; sourceTree = "<absolute>"; };
		29B97325FDCFA39411CA2CEA /* Foundation.framework */ = {isa = PBXFileReference; lastKnownFileType = wrapper.framework; name = Foundation.framework; path = /System/Library/Frameworks/Foundation.framework; sourceTree = "<absolute>"; };
		5323E6B10EAFCA74003A9687 /* CoreVideo.framework */ = {isa = PBXFileReference; lastKnownFileType = wrapper.framework; name = CoreVideo.framework; path = /System/Library/Frameworks/CoreVideo.framework; sourceTree = "<absolute>"; };
		5323E6B50EAFCA7E003A9687 /* QTKit.framework */ = {isa = PBXFileReference; lastKnownFileType = wrapper.framework; name = QTKit.framework; path = /System/Library/Frameworks/QTKit.framework; sourceTree = "<absolute>"; };
		8D1107320486CEB800E47090 /* BasicSample.app */ = {isa = PBXFileReference; explicitFileType = wrapper.application; includeInIndex = 0; path = BasicSample.app; sourceTree = BUILT_PRODUCTS_DIR; };
		052F5503E2834F6B81EED8BD /* Resources.h */ = {isa = PBXFileReference; lastKnownFileType = sourcecode.c.h; path = ../include/Resources.h; sourceTree = "<group>"; name = Resources.h; };
		FA9D512F32CD4B27A1730D76 /* CinderApp.icns */ = {isa = PBXFileReference; lastKnownFileType = image.icns; path = ../resources/CinderApp.icns; sourceTree = "<group>"; name = CinderApp.icns; };
		BCA1874C61AD4165BC65C8CC /* Info.plist */ = {isa = PBXFileReference; lastKnownFileType = text.plist.xml; path = Info.plist; sourceTree = "<group>"; name = Info.plist; };
		5B29A35B723C4C889E07A1A0 /* BasicSample_Prefix.pch */ = {isa = PBXFileReference; lastKnownFileType = "\"\""; path = BasicSample_Prefix.pch; sourceTree = "<group>"; name = BasicSample_Prefix.pch; };
		B4C151E51AD64B9090C7F619 /* BasicSampleApp.cpp */ = {isa = PBXFileReference; lastKnownFileType = sourcecode.c.cpp; path = ../src/BasicSampleApp.cpp; sourceTree = "<group>"; name = BasicSampleApp.cpp; };
		764C49FC7B0F4A828F61D57E /* ciXtract.cpp */ = {isa = PBXFileReference; lastKnownFileType = sourcecode.c.cpp; path = ../../../src/ciXtract.cpp; sourceTree = "<group>"; name = ciXtract.cpp; };
		35B7C220BFD94F04A9224EF7 /* ciXtractFeature.cpp */ = {isa = PBXFileReference; lastKnownFileType = sourcecode.c.cpp; path = ../../../src/ciXtractFeature.cpp; sourceTree = "<group>"; name = ciXtractFeature.cpp; };
		865924DFB9E044F0B9E65BEB /* delta.c */ = {isa = PBXFileReference; lastKnownFileType = "\"\""; path = ../../../src/LibXtract/src/delta.c; sourceTree = "<group>"; name = delta.c; };
		27EA45BAC26244F69F17688A /* descriptors.c */ = {isa = PBXFileReference; lastKnownFileType = "\"\""; path = ../../../src/LibXtract/src/descriptors.c; sourceTree = "<group>"; name = descriptors.c; };
		34ACA96C69A647CF9463BB38 /* fini.c */ = {isa = PBXFileReference; lastKnownFileType = "\"\""; path = ../../../src/LibXtract/src/fini.c; sourceTree = "<group>"; name = fini.c; };
		422B559D72494627861E8139 /* helper.c */ = {isa = PBXFileReference; lastKnownFileType = "\"\""; path = ../../../src/LibXtract/src/helper.c; sourceTree = "<group>"; name = helper.c; };
		87D1CE9DD824432AADC86AAC /* init.c */ = {isa = PBXFileReference; lastKnownFileType = "\"\""; path = ../../../src/LibXtract/src/init.c; sourceTree = "<group>"; name = init.c; };
		BB09501D18A2451B9C82625F /* libxtract.c */ = {isa = PBXFileReference; lastKnownFileType = "\"\""; path = ../../../src/LibXtract/src/libxtract.c; sourceTree = "<group>"; name = libxtract.c; };
		E97E313BE54D497FA0E5FECF /* scalar.c */ = {isa = PBXFileReference; lastKnownFileType = "\"\""; path = ../../../src/LibXtract/src/scalar.c; sourceTree = "<group>"; name = scalar.c; };
		7695E9FFC2EC4A98A0674458 /* vector.c */ = {isa = PBXFileReference; lastKnownFileType = "\"\""; path = ../../../src/LibXtract/src/vector.c; sourceTree = "<group>"; name = vector.c; };
		89FAFE1B68DA499097FE2B5C /* window.c */ = {isa = PBXFileReference; lastKnownFileType = "\"\""; path = ../../../src/LibXtract/src/window.c; sourceTree = "<group>"; name = window.c; };
		BF5B9AC2CCC3450DB0F7459A /* dywapitchtrack.c */ = {isa = PBXFileReference; lastKnownFileType = "\"\""; path = ../../../src/LibXtract/src/dywapitchtrack/dywapitchtrack.c; sourceTree = "<group>"; name = dywapitchtrack.c; };
		B64787F275194F5F90AC63AB /* ciXtract.h */ = {isa = PBXFileReference; lastKnownFileType = sourcecode.c.h; path = ../../../src/ciXtract.h; sourceTree = "<group>"; name = ciXtract.h; };
		8C22B38D65A54B4BAE0E57F4 /* ciXtractFeature.h */ = {isa = PBXFileReference; lastKnownFileType = sourcecode.c.h; path = ../../../src/ciXtractFeature.h; sourceTree = "<group>"; name = ciXtractFeature.h; };
		FACEC45516E8430DB3656C8F /* fft.h */ = {isa = PBXFileReference; lastKnownFileType = sourcecode.c.h; path = ../../../src/LibXtract/src/fft.h; sourceTree = "<group>"; name = fft.h; };
		B07A312A6E314965992F3527 /* xtract_globals_private.h */ = {isa = PBXFileReference; lastKnownFileType = sourcecode.c.h; path = ../../../src/LibXtract/src/xtract_globals_private.h; sourceTree = "<group>"; name = xtract_globals_private.h; };
		9CCDCE2C4A4F44759A4950A0 /* xtract_macros_private.h */ = {isa = PBXFileReference; lastKnownFileType = sourcecode.c.h; path = ../../../src/LibXtract/src/xtract_macros_private.h; sourceTree = "<group>"; name = xtract_macros_private.h; };
		AB377ACAAA7C423E9C75171F /* xtract_window_private.h */ = {isa = PBXFileReference; lastKnownFileType = sourcecode.c.h; path = ../../../src/LibXtract/src/xtract_window_private.h; sourceTree = "<group>"; name = xtract_window_private.h; };
		3629F29339BB40CAB8066A54 /* dywapitchtrack.h */ = {isa = PBXFileReference; lastKnownFileType = sourcecode.c.h; path = ../../../src/LibXtract/src/dywapitchtrack/dywapitchtrack.h; sourceTree = "<group>"; name = dywapitchtrack.h; };
		42BB218309EF45CC87585609 /* fftsg.c */ = {isa = PBXFileReference; lastKnownFileType = "\"\""; path = ../../../src/LibXtract/src/ooura/fftsg.c; sourceTree = "<group>"; name = fftsg.c; };
		B12B615EA0664843A03379E8 /* fftsg.h */ = {isa = PBXFileReference; lastKnownFileType = sourcecode.c.h; path = ../../../src/LibXtract/src/ooura/fftsg.h; sourceTree = "<group>"; name = fftsg.h; };
		8FAC33583B9540BE95930A5E /* libxtract.h */ = {isa = PBXFileReference; lastKnownFileType = sourcecode.c.h; path = ../../../src/LibXtract/xtract/libxtract.h; sourceTree = "<group>"; name = libxtract.h; };
		492F9585B29C4280B2D792FC /* xtract_delta.h */ = {isa = PBXFileReference; lastKnownFileType = sourcecode.c.h; path = ../../../src/LibXtract/xtract/xtract_delta.h; sourceTree = "<group>"; name = xtract_delta.h; };
		0712315D936A47A2BC7AD8C4 /* xtract_helper.h */ = {isa = PBXFileReference; lastKnownFileType = sourcecode.c.h; path = ../../../src/LibXtract/xtract/xtract_helper.h; sourceTree = "<group>"; name = xtract_helper.h; };
		96CD4ADF39624EBFA1A9F536 /* xtract_macros.h */ = {isa = PBXFileReference; lastKnownFileType = sourcecode.c.h; path = ../../../src/LibXtract/xtract/xtract_macros.h; sourceTree = "<group>"; name = xtract_macros.h; };
		BD6DB2511C324497924AA590 /* xtract_scalar.h */ = {isa = PBXFileReference; lastKnownFileType = sourcecode.c.h; path = ../../../src/LibXtract/xtract/xtract_scalar.h; sourceTree = "<group>"; name = xtract_scalar.h; };
		EDB5995D0C5A4C159DA00BDA /* xtract_types.h */ = {isa = PBXFileReference; lastKnownFileType = sourcecode.c.h; path = ../../../src/LibXtract/xtract/xtract_types.h; sourceTree = "<group>"; name = xtract_types.h; };
		89AB8B3F0C2544B9A3FE07C1 /* xtract_vector.h */ = {isa = PBXFileReference; lastKnownFileType = sourcecode.c.h; path = ../../../src/LibXtract/xtract/xtract_vector.h; sourceTree = "<group>"; name = xtract_vector.h; };
/* End PBXFileReference section */

/* Begin PBXFrameworksBuildPhase section */
		8D11072E0486CEB800E47090 /* Frameworks */ = {
			isa = PBXFrameworksBuildPhase;
			buildActionMask = 2147483647;
			files = (
				8D11072F0486CEB800E47090 /* Cocoa.framework in Frameworks */,
				0091D8F90E81B9330029341E /* OpenGL.framework in Frameworks */,
				5323E6B20EAFCA74003A9687 /* CoreVideo.framework in Frameworks */,
				5323E6B60EAFCA7E003A9687 /* QTKit.framework in Frameworks */,
				00B784B30FF439BC000DE1D7 /* Accelerate.framework in Frameworks */,
				00B784B40FF439BC000DE1D7 /* AudioToolbox.framework in Frameworks */,
				00B784B50FF439BC000DE1D7 /* AudioUnit.framework in Frameworks */,
				00B784B60FF439BC000DE1D7 /* CoreAudio.framework in Frameworks */,
			);
			runOnlyForDeploymentPostprocessing = 0;
		};
/* End PBXFrameworksBuildPhase section */

/* Begin PBXGroup section */
		080E96DDFE201D6D7F000001 /* Source */ = {
			isa = PBXGroup;
			children = (
				B4C151E51AD64B9090C7F619 /* BasicSampleApp.cpp */,
			);
			name = Source;
			sourceTree = "<group>";
		};
		1058C7A0FEA54F0111CA2CBB /* Linked Frameworks */ = {
			isa = PBXGroup;
			children = (
				00B784AF0FF439BC000DE1D7 /* Accelerate.framework */,
				00B784B00FF439BC000DE1D7 /* AudioToolbox.framework */,
				00B784B10FF439BC000DE1D7 /* AudioUnit.framework */,
				00B784B20FF439BC000DE1D7 /* CoreAudio.framework */,
				5323E6B50EAFCA7E003A9687 /* QTKit.framework */,
				5323E6B10EAFCA74003A9687 /* CoreVideo.framework */,
				0091D8F80E81B9330029341E /* OpenGL.framework */,
				1058C7A1FEA54F0111CA2CBB /* Cocoa.framework */,
			);
			name = "Linked Frameworks";
			sourceTree = "<group>";
		};
		1058C7A2FEA54F0111CA2CBB /* Other Frameworks */ = {
			isa = PBXGroup;
			children = (
				29B97324FDCFA39411CA2CEA /* AppKit.framework */,
				29B97325FDCFA39411CA2CEA /* Foundation.framework */,
			);
			name = "Other Frameworks";
			sourceTree = "<group>";
		};
		19C28FACFE9D520D11CA2CBB /* Products */ = {
			isa = PBXGroup;
			children = (
				8D1107320486CEB800E47090 /* BasicSample.app */,
			);
			name = Products;
			sourceTree = "<group>";
		};
		29B97314FDCFA39411CA2CEA /* BasicSample */ = {
			isa = PBXGroup;
			children = (
				01B97315FEAEA392516A2CEA /* Blocks */,
				29B97315FDCFA39411CA2CEA /* Headers */,
				080E96DDFE201D6D7F000001 /* Source */,
				29B97317FDCFA39411CA2CEA /* Resources */,
				29B97323FDCFA39411CA2CEA /* Frameworks */,
				19C28FACFE9D520D11CA2CBB /* Products */,
			);
			name = BasicSample;
			sourceTree = "<group>";
		};
		1ACA08248FF749178DFDCB4A /* dywapitchtrack */ = {
			isa = PBXGroup;
			children = (
				BF5B9AC2CCC3450DB0F7459A /* dywapitchtrack.c */,
				3629F29339BB40CAB8066A54 /* dywapitchtrack.h */,
			);
			name = dywapitchtrack;
			sourceTree = "<group>";
		};
		A1507C3A9C584200BE57807B /* ooura */ = {
			isa = PBXGroup;
			children = (
				42BB218309EF45CC87585609 /* fftsg.c */,
				B12B615EA0664843A03379E8 /* fftsg.h */,
			);
			name = ooura;
			sourceTree = "<group>";
		};
		5D9617286ED54D93872B4A99 /* src */ = {
			isa = PBXGroup;
			children = (
				865924DFB9E044F0B9E65BEB /* delta.c */,
				27EA45BAC26244F69F17688A /* descriptors.c */,
				34ACA96C69A647CF9463BB38 /* fini.c */,
				422B559D72494627861E8139 /* helper.c */,
				87D1CE9DD824432AADC86AAC /* init.c */,
				BB09501D18A2451B9C82625F /* libxtract.c */,
				E97E313BE54D497FA0E5FECF /* scalar.c */,
				7695E9FFC2EC4A98A0674458 /* vector.c */,
				89FAFE1B68DA499097FE2B5C /* window.c */,
				1ACA08248FF749178DFDCB4A /* dywapitchtrack */,
				FACEC45516E8430DB3656C8F /* fft.h */,
				B07A312A6E314965992F3527 /* xtract_globals_private.h */,
				9CCDCE2C4A4F44759A4950A0 /* xtract_macros_private.h */,
				AB377ACAAA7C423E9C75171F /* xtract_window_private.h */,
				A1507C3A9C584200BE57807B /* ooura */,
			);
			name = src;
			sourceTree = "<group>";
		};
		5935E0EDB4BE407B8E7BDFB8 /* xtract */ = {
			isa = PBXGroup;
			children = (
				8FAC33583B9540BE95930A5E /* libxtract.h */,
				492F9585B29C4280B2D792FC /* xtract_delta.h */,
				0712315D936A47A2BC7AD8C4 /* xtract_helper.h */,
				96CD4ADF39624EBFA1A9F536 /* xtract_macros.h */,
				BD6DB2511C324497924AA590 /* xtract_scalar.h */,
				EDB5995D0C5A4C159DA00BDA /* xtract_types.h */,
				89AB8B3F0C2544B9A3FE07C1 /* xtract_vector.h */,
			);
			name = xtract;
			sourceTree = "<group>";
		};
		13CF0E68257E4EA9A1A8B636 /* LibXtract */ = {
			isa = PBXGroup;
			children = (
				5D9617286ED54D93872B4A99 /* src */,
				5935E0EDB4BE407B8E7BDFB8 /* xtract */,
			);
			name = LibXtract;
			sourceTree = "<group>";
		};
		52FA2718A25E4DC4BC436283 /* src */ = {
			isa = PBXGroup;
			children = (
				764C49FC7B0F4A828F61D57E /* ciXtract.cpp */,
				35B7C220BFD94F04A9224EF7 /* ciXtractFeature.cpp */,
				13CF0E68257E4EA9A1A8B636 /* LibXtract */,
				B64787F275194F5F90AC63AB /* ciXtract.h */,
				8C22B38D65A54B4BAE0E57F4 /* ciXtractFeature.h */,
			);
			name = src;
			sourceTree = "<group>";
		};
		F6F903EAFBEC4E6E8EA3B537 /* ciXtract */ = {
			isa = PBXGroup;
			children = (
				52FA2718A25E4DC4BC436283 /* src */,
			);
			name = ciXtract;
			sourceTree = "<group>";
		};
		01B97315FEAEA392516A2CEA /* Blocks */ = {
			isa = PBXGroup;
			children = (
				F6F903EAFBEC4E6E8EA3B537 /* ciXtract */,
			);
			name = Blocks;
			sourceTree = "<group>";
		};
		29B97315FDCFA39411CA2CEA /* Headers */ = {
			isa = PBXGroup;
			children = (
				052F5503E2834F6B81EED8BD /* Resources.h */,
				5B29A35B723C4C889E07A1A0 /* BasicSample_Prefix.pch */,
			);
			name = Headers;
			sourceTree = "<group>";
		};
		29B97317FDCFA39411CA2CEA /* Resources */ = {
			isa = PBXGroup;
			children = (
				FA9D512F32CD4B27A1730D76 /* CinderApp.icns */,
				BCA1874C61AD4165BC65C8CC /* Info.plist */,
			);
			name = Resources;
			sourceTree = "<group>";
		};
		29B97323FDCFA39411CA2CEA /* Frameworks */ = {
			isa = PBXGroup;
			children = (
				1058C7A0FEA54F0111CA2CBB /* Linked Frameworks */,
				1058C7A2FEA54F0111CA2CBB /* Other Frameworks */,
			);
			name = Frameworks;
			sourceTree = "<group>";
		};
/* End PBXGroup section */

/* Begin PBXNativeTarget section */
		8D1107260486CEB800E47090 /* BasicSample */ = {
			isa = PBXNativeTarget;
			buildConfigurationList = C01FCF4A08A954540054247B /* Build configuration list for PBXNativeTarget "BasicSample" */;
			buildPhases = (
				8D1107290486CEB800E47090 /* Resources */,
				8D11072C0486CEB800E47090 /* Sources */,
				8D11072E0486CEB800E47090 /* Frameworks */,
			);
			buildRules = (
			);
			dependencies = (
			);
			name = BasicSample;
			productInstallPath = "$(HOME)/Applications";
			productName = BasicSample;
			productReference = 8D1107320486CEB800E47090 /* BasicSample.app */;
			productType = "com.apple.product-type.application";
		};
/* End PBXNativeTarget section */

/* Begin PBXProject section */
		29B97313FDCFA39411CA2CEA /* Project object */ = {
			isa = PBXProject;
			buildConfigurationList = C01FCF4E08A954540054247B /* Build configuration list for PBXProject "BasicSample" */;
			compatibilityVersion = "Xcode 3.2";
			developmentRegion = English;
			hasScannedForEncodings = 1;
			knownRegions = (
				English,
				Japanese,
				French,
				German,
			);
			mainGroup = 29B97314FDCFA39411CA2CEA /* BasicSample */;
			projectDirPath = "";
			projectRoot = "";
			targets = (
				8D1107260486CEB800E47090 /* BasicSample */,
			);
		};
/* End PBXProject section */

/* Begin PBXResourcesBuildPhase section */
		8D1107290486CEB800E47090 /* Resources */ = {
			isa = PBXResourcesBuildPhase;
			buildActionMask = 2147483647;
			files = (
				D43486A5265448C3BE3A327A /* CinderApp.icns in Resources */,
			);
			runOnlyForDeploymentPostprocessing = 0;
		};
/* End PBXResourcesBuildPhase section */

/* Begin PBXSourcesBuildPhase section */
		8D11072C0486CEB800E47090 /* Sources */ = {
			isa = PBXSourcesBuildPhase;
			buildActionMask = 2147483647;
			files = (
				0A1CD8D3D5B14C6BA4F6D288 /* BasicSampleApp.cpp in Sources */,
				5878332941AD4FAB932CE913 /* ciXtract.cpp in Sources */,
				4EA3856520634A7E94E56088 /* ciXtractFeature.cpp in Sources */,
				23E1E4E481C74A128B72576E /* delta.c in Sources */,
				2BB1BD47F319478090699F87 /* descriptors.c in Sources */,
				C0C9B7E653654BDEA57BBDA1 /* fini.c in Sources */,
				AEEB8EFF4F9743B5B17AAD4E /* helper.c in Sources */,
				A57E48DAB4C346DAAF587E05 /* init.c in Sources */,
				9A5D21AE2B15405E8531F4B7 /* libxtract.c in Sources */,
				9723405BC044488088F5CCBD /* scalar.c in Sources */,
				9F1ADA11FE424487993F90F6 /* vector.c in Sources */,
				E847BB49D61B4680910AB457 /* window.c in Sources */,
				0847D5CCE54F43CE9D8ED2AA /* dywapitchtrack.c in Sources */,
			);
			runOnlyForDeploymentPostprocessing = 0;
		};
/* End PBXSourcesBuildPhase section */

/* Begin XCBuildConfiguration section */
		C01FCF4B08A954540054247B /* Debug */ = {
			isa = XCBuildConfiguration;
			buildSettings = {
				COMBINE_HIDPI_IMAGES = YES;
				DEAD_CODE_STRIPPING = YES;
				COPY_PHASE_STRIP = NO;
				GCC_DYNAMIC_NO_PIC = NO;
				GCC_INLINES_ARE_PRIVATE_EXTERN = YES;
				GCC_OPTIMIZATION_LEVEL = 0;
				GCC_PREPROCESSOR_DEFINITIONS = (
					"DEBUG=1",
					"$(inherited)",
				);
				GCC_PRECOMPILE_PREFIX_HEADER = YES;
				GCC_PREFIX_HEADER = BasicSample_Prefix.pch;
				GCC_SYMBOLS_PRIVATE_EXTERN = NO;
				INFOPLIST_FILE = Info.plist;
				INSTALL_PATH = "$(HOME)/Applications";
				OTHER_LDFLAGS = "\"$(CINDER_PATH)/lib/libcinder_d.a\"";
				PRODUCT_NAME = BasicSample;
				WRAPPER_EXTENSION = app;
				SYMROOT = ./build;
			};
			name = Debug;
		};
		C01FCF4C08A954540054247B /* Release */ = {
			isa = XCBuildConfiguration;
			buildSettings = {
				COMBINE_HIDPI_IMAGES = YES;
				DEAD_CODE_STRIPPING = YES;
				DEBUG_INFORMATION_FORMAT = "dwarf-with-dsym";
				GCC_FAST_MATH = YES;
				GCC_GENERATE_DEBUGGING_SYMBOLS = NO;
				GCC_INLINES_ARE_PRIVATE_EXTERN = YES;
				GCC_OPTIMIZATION_LEVEL = 3;
				GCC_PRECOMPILE_PREFIX_HEADER = YES;
				GCC_PREFIX_HEADER = BasicSample_Prefix.pch;
				GCC_SYMBOLS_PRIVATE_EXTERN = NO;
				INFOPLIST_FILE = Info.plist;
				INSTALL_PATH = "$(HOME)/Applications";
				OTHER_LDFLAGS = "\"$(CINDER_PATH)/lib/libcinder.a\"";
				PRODUCT_NAME = BasicSample;
				STRIP_INSTALLED_PRODUCT = YES;
				WRAPPER_EXTENSION = app;
				SYMROOT = ./build;
			};
			name = Release;
		};
		C01FCF4F08A954540054247B /* Debug */ = {
			isa = XCBuildConfiguration;
			buildSettings = {
				CLANG_CXX_LANGUAGE_STANDARD = "c++0x";
				CLANG_CXX_LIBRARY = "libc++";
				ALWAYS_SEARCH_USER_PATHS = NO;
				ARCHS = i386;
				CINDER_PATH = "../../../../..";
				GCC_WARN_ABOUT_RETURN_TYPE = YES;
				GCC_WARN_UNUSED_VARIABLE = YES;
				HEADER_SEARCH_PATHS = "\"$(CINDER_PATH)/boost\"";
				MACOSX_DEPLOYMENT_TARGET = 10.7;
				SDKROOT = macosx;
				USER_HEADER_SEARCH_PATHS = (
					"\"$(CINDER_PATH)/include\" ../include",
					../../../src/LibXtract,
				);
			};
			name = Debug;
		};
		C01FCF5008A954540054247B /* Release */ = {
			isa = XCBuildConfiguration;
			buildSettings = {
				CLANG_CXX_LANGUAGE_STANDARD = "c++0x";
				CLANG_CXX_LIBRARY = "libc++";
				ALWAYS_SEARCH_USER_PATHS = NO;
				ARCHS = i386;
				CINDER_PATH = "../../../../..";
				GCC_WARN_ABOUT_RETURN_TYPE = YES;
				GCC_WARN_UNUSED_VARIABLE = YES;
				HEADER_SEARCH_PATHS = "\"$(CINDER_PATH)/boost\"";
				MACOSX_DEPLOYMENT_TARGET = 10.7;
				SDKROOT = macosx;
				USER_HEADER_SEARCH_PATHS = (
					"\"$(CINDER_PATH)/include\" ../include",
					../../../src/LibXtract,
				);
			};
			name = Release;
		};
/* End XCBuildConfiguration section */

/* Begin XCConfigurationList section */
		C01FCF4A08A954540054247B /* Build configuration list for PBXNativeTarget "BasicSample" */ = {
			isa = XCConfigurationList;
			buildConfigurations = (
				C01FCF4B08A954540054247B /* Debug */,
				C01FCF4C08A954540054247B /* Release */,
			);
			defaultConfigurationIsVisible = 0;
			defaultConfigurationName = Release;
		};
		C01FCF4E08A954540054247B /* Build configuration list for PBXProject "BasicSample" */ = {
			isa = XCConfigurationList;
			buildConfigurations = (
				C01FCF4F08A954540054247B /* Debug */,
				C01FCF5008A954540054247B /* Release */,
			);
			defaultConfigurationIsVisible = 0;
			defaultConfigurationName = Release;
		};
/* End XCConfigurationList section */
	};
	rootObject = 29B97313FDCFA39411CA2CEA /* Project object */;
}
