// !$*UTF8*$!
{
	archiveVersion = 1;
	classes = {
	};
	objectVersion = 46;
	objects = {

/* Begin PBXBuildFile section */
		0091D8F90E81B9330029341E /* OpenGL.framework in Frameworks */ = {isa = PBXBuildFile; fileRef = 0091D8F80E81B9330029341E /* OpenGL.framework */; };
		00B784B30FF439BC000DE1D7 /* Accelerate.framework in Frameworks */ = {isa = PBXBuildFile; fileRef = 00B784AF0FF439BC000DE1D7 /* Accelerate.framework */; };
		00B784B40FF439BC000DE1D7 /* AudioToolbox.framework in Frameworks */ = {isa = PBXBuildFile; fileRef = 00B784B00FF439BC000DE1D7 /* AudioToolbox.framework */; };
		00B784B50FF439BC000DE1D7 /* AudioUnit.framework in Frameworks */ = {isa = PBXBuildFile; fileRef = 00B784B10FF439BC000DE1D7 /* AudioUnit.framework */; };
		00B784B60FF439BC000DE1D7 /* CoreAudio.framework in Frameworks */ = {isa = PBXBuildFile; fileRef = 00B784B20FF439BC000DE1D7 /* CoreAudio.framework */; };
		015C6CB3B33E45969BDCB5DF /* HSVColorPicker.cpp in Sources */ = {isa = PBXBuildFile; fileRef = A7036F8AE9BA48A9922B9B44 /* HSVColorPicker.cpp */; };
		100791E417845C570010CC80 /* ciXtract.cpp in Sources */ = {isa = PBXBuildFile; fileRef = 100791B117845C570010CC80 /* ciXtract.cpp */; };
		100791E517845C570010CC80 /* delta.c in Sources */ = {isa = PBXBuildFile; fileRef = 100791B317845C570010CC80 /* delta.c */; };
		100791E617845C570010CC80 /* descriptors.c in Sources */ = {isa = PBXBuildFile; fileRef = 100791B417845C570010CC80 /* descriptors.c */; };
		100791E717845C570010CC80 /* fini.c in Sources */ = {isa = PBXBuildFile; fileRef = 100791B617845C570010CC80 /* fini.c */; };
		100791E817845C570010CC80 /* helper.c in Sources */ = {isa = PBXBuildFile; fileRef = 100791B717845C570010CC80 /* helper.c */; };
		100791E917845C570010CC80 /* init.c in Sources */ = {isa = PBXBuildFile; fileRef = 100791B817845C570010CC80 /* init.c */; };
		100791EA17845C570010CC80 /* libxtract.c in Sources */ = {isa = PBXBuildFile; fileRef = 100791B917845C570010CC80 /* libxtract.c */; };
		100791EC17845C570010CC80 /* fftsg.c in Sources */ = {isa = PBXBuildFile; fileRef = 100791BC17845C570010CC80 /* fftsg.c */; };
		100791ED17845C570010CC80 /* scalar.c in Sources */ = {isa = PBXBuildFile; fileRef = 100791BE17845C570010CC80 /* scalar.c */; };
		100791EE17845C570010CC80 /* vector.c in Sources */ = {isa = PBXBuildFile; fileRef = 100791BF17845C570010CC80 /* vector.c */; };
		100791EF17845C570010CC80 /* window.c in Sources */ = {isa = PBXBuildFile; fileRef = 100791C017845C570010CC80 /* window.c */; };
		100791F017845C570010CC80 /* Makefile.am in Resources */ = {isa = PBXBuildFile; fileRef = 100791C317845C570010CC80 /* Makefile.am */; };
		101099B01782EC39001F19F9 /* ScalarWidget.cpp in Sources */ = {isa = PBXBuildFile; fileRef = 101099AF1782EC39001F19F9 /* ScalarWidget.cpp */; };
		101099B51782F039001F19F9 /* VectorWidget.cpp in Sources */ = {isa = PBXBuildFile; fileRef = 101099B41782F039001F19F9 /* VectorWidget.cpp */; };
		105B71AB837F4C5C8B6D6D69 /* WindowControl.cpp in Sources */ = {isa = PBXBuildFile; fileRef = 80EEE289F2D549848F57D502 /* WindowControl.cpp */; };
		106DED7F17857E0300AFF68F /* ciXtractFeature.cpp in Sources */ = {isa = PBXBuildFile; fileRef = 106DED7E17857E0300AFF68F /* ciXtractFeature.cpp */; };
		12E45E6A118F45529A5224B0 /* Gwen.cpp in Sources */ = {isa = PBXBuildFile; fileRef = ABDCCBCFD20841A4AEE1C17A /* Gwen.cpp */; };
		1C95E90FEC0B4A0CB42D4159 /* ToolTip.cpp in Sources */ = {isa = PBXBuildFile; fileRef = A797445E4EA54B3EAE61B79F /* ToolTip.cpp */; };
		1CC3DE22A4344DF597823685 /* VerticalScrollBar.cpp in Sources */ = {isa = PBXBuildFile; fileRef = 7578CCE413BB457E9B287733 /* VerticalScrollBar.cpp */; };
		1E59B0D3987D433DA6295AA3 /* RadioButton.cpp in Sources */ = {isa = PBXBuildFile; fileRef = B75DF7C35B5F47ABB686ACAE /* RadioButton.cpp */; };
		2337A472A621456BB87D29E0 /* WindowCanvas.cpp in Sources */ = {isa = PBXBuildFile; fileRef = 011F2DADD9B143C4AA3C19E0 /* WindowCanvas.cpp */; };
		25A1B2BEA5A24AEBACDCB8C3 /* CinderGwen.cpp in Sources */ = {isa = PBXBuildFile; fileRef = D048D9EE3C244361A734439D /* CinderGwen.cpp */; };
		28DF6EAEC8C44C1CB9C3B4B4 /* MenuStrip.cpp in Sources */ = {isa = PBXBuildFile; fileRef = 97140340B2104302AF6E8CAC /* MenuStrip.cpp */; };
		2995CDB132154EBCBB75C044 /* GwenRendererGl.cpp in Sources */ = {isa = PBXBuildFile; fileRef = CBC82BD97E084BE88DBBA9E2 /* GwenRendererGl.cpp */; };
		33B28C4663B44244B63C6D2A /* Skin.cpp in Sources */ = {isa = PBXBuildFile; fileRef = C250FF26B82247DD80C51470 /* Skin.cpp */; };
		351E436903EF4E2C952A65A1 /* ControlList.cpp in Sources */ = {isa = PBXBuildFile; fileRef = 6B76580CA22B4738B92F247A /* ControlList.cpp */; };
		369AA247CC5F498B8EC96D5B /* Menu.cpp in Sources */ = {isa = PBXBuildFile; fileRef = EF620E8394844197B87DF3FD /* Menu.cpp */; };
		38C0762BF6FC445EA8FF677A /* PropertyTree.cpp in Sources */ = {isa = PBXBuildFile; fileRef = E6906EEF903A43B08F7B9761 /* PropertyTree.cpp */; };
		3EEEEEB1FA82462E9EDD4660 /* CheckBox.cpp in Sources */ = {isa = PBXBuildFile; fileRef = E9407236C2E249D3841E5EFB /* CheckBox.cpp */; };
		3FFC6C5C04A0470BB0060D5D /* ResizableControl.cpp in Sources */ = {isa = PBXBuildFile; fileRef = E63275FD8FB94C5692641EF6 /* ResizableControl.cpp */; };
		43C5F406CCD842D597A1D714 /* RichLabel.cpp in Sources */ = {isa = PBXBuildFile; fileRef = 6918BD893AD44C77AFAFA551 /* RichLabel.cpp */; };
		43C82B65BE6E4C6CBFDFEB58 /* ProgressBar.cpp in Sources */ = {isa = PBXBuildFile; fileRef = 7F7177D995DE4E3A976CAA1B /* ProgressBar.cpp */; };
		442BB3B5CA6A412A9C11DEBC /* DockBase.cpp in Sources */ = {isa = PBXBuildFile; fileRef = 0532314DC5E84F7187929EC7 /* DockBase.cpp */; };
		45035B5BDCB143D8A2F0594F /* RadioButtonController.cpp in Sources */ = {isa = PBXBuildFile; fileRef = 46F02150AC6E4883AE307B7E /* RadioButtonController.cpp */; };
		45801144654B442EB31F80C6 /* TabStrip.cpp in Sources */ = {isa = PBXBuildFile; fileRef = 81735B6BB52A4474A9EB76D3 /* TabStrip.cpp */; };
		4836D52BFCF64AE594D66BA9 /* Button.cpp in Sources */ = {isa = PBXBuildFile; fileRef = 400538699DC8452C8C3350C5 /* Button.cpp */; };
		487800FC1A6B4900859F82F4 /* Hook.cpp in Sources */ = {isa = PBXBuildFile; fileRef = 85101A7214C242F5AF22A6F2 /* Hook.cpp */; };
		48E5C450BF124113823EB95D /* LabelClickable.cpp in Sources */ = {isa = PBXBuildFile; fileRef = 8DCCBFC585044E868257DE23 /* LabelClickable.cpp */; };
		520136A09C594937A7937BB8 /* DefaultSkin.png in Resources */ = {isa = PBXBuildFile; fileRef = 5331DB3875354B1ABA284100 /* DefaultSkin.png */; };
		5263DEF72A604FA485B43214 /* DragAndDrop.cpp in Sources */ = {isa = PBXBuildFile; fileRef = 264948C7182D41BD9FEB87B9 /* DragAndDrop.cpp */; };
		5323E6B20EAFCA74003A9687 /* CoreVideo.framework in Frameworks */ = {isa = PBXBuildFile; fileRef = 5323E6B10EAFCA74003A9687 /* CoreVideo.framework */; };
		5323E6B60EAFCA7E003A9687 /* QTKit.framework in Frameworks */ = {isa = PBXBuildFile; fileRef = 5323E6B50EAFCA7E003A9687 /* QTKit.framework */; };
		59CA79BB2F0D4559B262517C /* TextBox.cpp in Sources */ = {isa = PBXBuildFile; fileRef = 0483A1CF4F8F4BDFBA385795 /* TextBox.cpp */; };
		59D85B0317D84D6BA5CAA8A0 /* ScrollControl.cpp in Sources */ = {isa = PBXBuildFile; fileRef = 9E5B32A508A54EA88C03953F /* ScrollControl.cpp */; };
		5B95C1D35DF649BB8FD899C0 /* MenuItem.cpp in Sources */ = {isa = PBXBuildFile; fileRef = F48896E0EA474AA294388DDE /* MenuItem.cpp */; };
		5C034FAEFAA84F82930B5927 /* CinderApp.icns in Resources */ = {isa = PBXBuildFile; fileRef = 8FD454D9286642259C3D3121 /* CinderApp.icns */; };
		5CD84ADE92C54E788EDC58C7 /* Resizer.cpp in Sources */ = {isa = PBXBuildFile; fileRef = 1CFFA9ADD07649499E02EB4B /* Resizer.cpp */; };
		6225A1A2C68B4763AB7808D5 /* inputhandler.cpp in Sources */ = {isa = PBXBuildFile; fileRef = BEC6458FE3AA4E51AFFE4E9B /* inputhandler.cpp */; };
		67D3BA0C214845889610A4A6 /* TextBoxNumeric.cpp in Sources */ = {isa = PBXBuildFile; fileRef = ED62651264BB49098EE34FEE /* TextBoxNumeric.cpp */; };
		6AAE6444AC3E460A957D1D79 /* Base.cpp in Sources */ = {isa = PBXBuildFile; fileRef = 25216490283549BF8F5C3AFE /* Base.cpp */; };
		6C142F1EF9254D19917BE05F /* VerticalSlider.cpp in Sources */ = {isa = PBXBuildFile; fileRef = 50AA5410E12544D19E2448CA /* VerticalSlider.cpp */; };
		6F6B90D0A2F545D2B258DDA1 /* DockedTabControl.cpp in Sources */ = {isa = PBXBuildFile; fileRef = 013874452278450798A80F65 /* DockedTabControl.cpp */; };
		715F804FA14A422492DEAEDE /* TabControl.cpp in Sources */ = {isa = PBXBuildFile; fileRef = 9D96AEFDA7414323BCDBDCD5 /* TabControl.cpp */; };
		7220C9C8CC244D9BA33C9867 /* Label.cpp in Sources */ = {isa = PBXBuildFile; fileRef = A0F65B5E52B94EFCBD1E69C7 /* Label.cpp */; };
		724C31F4266D4ED0B15925EE /* ScrollBarButton.cpp in Sources */ = {isa = PBXBuildFile; fileRef = C600835F8EBF4260808869F5 /* ScrollBarButton.cpp */; };
		8D11072F0486CEB800E47090 /* Cocoa.framework in Frameworks */ = {isa = PBXBuildFile; fileRef = 1058C7A1FEA54F0111CA2CBB /* Cocoa.framework */; };
		8FF7DFB713B74B69A2D74FDB /* ListBox.cpp in Sources */ = {isa = PBXBuildFile; fileRef = AA8D27948A45478D93A25A8F /* ListBox.cpp */; };
		906AFBAA299A4B03886D240A /* HorizontalScrollBar.cpp in Sources */ = {isa = PBXBuildFile; fileRef = 258A68C49E834D12B879E14B /* HorizontalScrollBar.cpp */; };
		912A1ED0D98C49579FD877BF /* Dragger.cpp in Sources */ = {isa = PBXBuildFile; fileRef = BA4A8E546EFF45AFA2020469 /* Dragger.cpp */; };
		91B7D9385EED4CD49380F176 /* TreeNode.cpp in Sources */ = {isa = PBXBuildFile; fileRef = AF613DDC971B47A7A56FE918 /* TreeNode.cpp */; };
		92502EEF39A04F26B65178A8 /* Utility.cpp in Sources */ = {isa = PBXBuildFile; fileRef = 94ED3DF9BE1D4AD7B007FDB2 /* Utility.cpp */; };
		9A8BEB0C23F5471E861E115F /* events.cpp in Sources */ = {isa = PBXBuildFile; fileRef = BAD7DC0620A845A99EBA43D4 /* events.cpp */; };
		A3EC1F12101148F883B3C9AD /* CrossSplitter.cpp in Sources */ = {isa = PBXBuildFile; fileRef = BAE6CF46F155451FB72234C9 /* CrossSplitter.cpp */; };
		A54DC9898B3445EAB96EE203 /* Properties.cpp in Sources */ = {isa = PBXBuildFile; fileRef = F8F2F431EA524CBDA5951608 /* Properties.cpp */; };
		A8599D97441E46419A3B2CE6 /* ScrollBar.cpp in Sources */ = {isa = PBXBuildFile; fileRef = E3BFBC4FFB61445DA9657723 /* ScrollBar.cpp */; };
		A98EA83973BA4891B88D88C9 /* BaseRender.cpp in Sources */ = {isa = PBXBuildFile; fileRef = CFAEF5D45618416F80197239 /* BaseRender.cpp */; };
		AD5B049B263B4A8583C3D235 /* GwenSampleApp.cpp in Sources */ = {isa = PBXBuildFile; fileRef = A21318A286B64272A75C6DC5 /* GwenSampleApp.cpp */; };
		B40CCAF8A699454AB8F0DB20 /* Anim.cpp in Sources */ = {isa = PBXBuildFile; fileRef = 390D1F63FE8C4F5FA9B4A87B /* Anim.cpp */; };
		BADA0B1474D04DD0BB0F7D68 /* ColorControls.cpp in Sources */ = {isa = PBXBuildFile; fileRef = 788A97A29588405C800532E3 /* ColorControls.cpp */; };
		BDAB23BDF7774C1B8E4688B6 /* Canvas.cpp in Sources */ = {isa = PBXBuildFile; fileRef = B54A28D898CA4BC19EFC175C /* Canvas.cpp */; };
		BE214833D3744F1682A14AD5 /* SplitterBar.cpp in Sources */ = {isa = PBXBuildFile; fileRef = 62852FBB31834380AED430E2 /* SplitterBar.cpp */; };
		BF18143B4151472698960137 /* Rectangle.cpp in Sources */ = {isa = PBXBuildFile; fileRef = B95DF11A3D1448839F13FAA7 /* Rectangle.cpp */; };
		C1916BCADA9F47B3945107CE /* CollapsibleCategory.cpp in Sources */ = {isa = PBXBuildFile; fileRef = 519DE3C4F6E44ED7BB89DD47 /* CollapsibleCategory.cpp */; };
		C3C83F823D274A738F15EF57 /* HorizontalSlider.cpp in Sources */ = {isa = PBXBuildFile; fileRef = F100BA7A88B74D0AA0D6B193 /* HorizontalSlider.cpp */; };
		C573AE05C8D34E38896A7041 /* TabButton.cpp in Sources */ = {isa = PBXBuildFile; fileRef = F8300DFEA33B4FDF83D213B4 /* TabButton.cpp */; };
		CC5496C7E1A34CCCAD3B30A7 /* ComboBox.cpp in Sources */ = {isa = PBXBuildFile; fileRef = BCF6E070C4894486913C888A /* ComboBox.cpp */; };
		D922B6346D99417AA56BFAA7 /* GwenInput.cpp in Sources */ = {isa = PBXBuildFile; fileRef = FE685E4744774CF9BBD33054 /* GwenInput.cpp */; };
		D9AE0AB0BC99417E99126C93 /* Slider.cpp in Sources */ = {isa = PBXBuildFile; fileRef = 48DCE9FC199B4AFEA1ED0AE0 /* Slider.cpp */; };
		DA8893F265D747E9A4F94AD9 /* PageControl.cpp in Sources */ = {isa = PBXBuildFile; fileRef = 6BD9810E930341F9B20FF7FE /* PageControl.cpp */; };
		DA95E5F3A5164DE7950F15CB /* GroupBox.cpp in Sources */ = {isa = PBXBuildFile; fileRef = 17E93506AB804353A7A24454 /* GroupBox.cpp */; };
		DCAA2C931F9743B8AB577FA8 /* FileSave.cpp in Sources */ = {isa = PBXBuildFile; fileRef = 985BB61DA6EA423784AE6966 /* FileSave.cpp */; };
		DEDDA8ED6B2C442A9037351F /* TreeControl.cpp in Sources */ = {isa = PBXBuildFile; fileRef = CE5B770241874BB7AAA6DCE7 /* TreeControl.cpp */; };
		E220A1CF2BCA44BCB80B6B18 /* NumericUpDown.cpp in Sources */ = {isa = PBXBuildFile; fileRef = A165824E47ED4C4B9419F3E7 /* NumericUpDown.cpp */; };
		E78F757916FF4B15BF188EC8 /* FileOpen.cpp in Sources */ = {isa = PBXBuildFile; fileRef = 9C86EC6A24EA41939837B765 /* FileOpen.cpp */; };
		E7C528298DBD4268894BE6FD /* ScrollBarBar.cpp in Sources */ = {isa = PBXBuildFile; fileRef = 330324C2224E4408A41F38BC /* ScrollBarBar.cpp */; };
		E7FAD403BC264BD58D982519 /* FolderOpen.cpp in Sources */ = {isa = PBXBuildFile; fileRef = 5099EFC3B6164135B91234C1 /* FolderOpen.cpp */; };
		EC8264F635954D859D3BD6C3 /* ColorPicker.cpp in Sources */ = {isa = PBXBuildFile; fileRef = 01A3101DA8264689861A14DA /* ColorPicker.cpp */; };
		EE6C08C31B3D4DCF8C602E58 /* ImagePanel.cpp in Sources */ = {isa = PBXBuildFile; fileRef = AC481179F0ED4085AEB7980B /* ImagePanel.cpp */; };
		F0917AB9492B48C7BD0DE577 /* Query.cpp in Sources */ = {isa = PBXBuildFile; fileRef = 24E8A3F59D98485FBDC17019 /* Query.cpp */; };
		F82EC0CCDA784E5386D6C347 /* Text.cpp in Sources */ = {isa = PBXBuildFile; fileRef = 9D3F67330EB04203AA9CDA9E /* Text.cpp */; };
/* End PBXBuildFile section */

/* Begin PBXFileReference section */
		0091D8F80E81B9330029341E /* OpenGL.framework */ = {isa = PBXFileReference; lastKnownFileType = wrapper.framework; name = OpenGL.framework; path = /System/Library/Frameworks/OpenGL.framework; sourceTree = "<absolute>"; };
		00B784AF0FF439BC000DE1D7 /* Accelerate.framework */ = {isa = PBXFileReference; lastKnownFileType = wrapper.framework; name = Accelerate.framework; path = System/Library/Frameworks/Accelerate.framework; sourceTree = SDKROOT; };
		00B784B00FF439BC000DE1D7 /* AudioToolbox.framework */ = {isa = PBXFileReference; lastKnownFileType = wrapper.framework; name = AudioToolbox.framework; path = System/Library/Frameworks/AudioToolbox.framework; sourceTree = SDKROOT; };
		00B784B10FF439BC000DE1D7 /* AudioUnit.framework */ = {isa = PBXFileReference; lastKnownFileType = wrapper.framework; name = AudioUnit.framework; path = System/Library/Frameworks/AudioUnit.framework; sourceTree = SDKROOT; };
		00B784B20FF439BC000DE1D7 /* CoreAudio.framework */ = {isa = PBXFileReference; lastKnownFileType = wrapper.framework; name = CoreAudio.framework; path = System/Library/Frameworks/CoreAudio.framework; sourceTree = SDKROOT; };
		011F2DADD9B143C4AA3C19E0 /* WindowCanvas.cpp */ = {isa = PBXFileReference; lastKnownFileType = sourcecode.c.cpp; name = WindowCanvas.cpp; path = "../../../../Cinder-Gwen/gwen/gwen/src/Controls/WindowCanvas.cpp"; sourceTree = "<group>"; };
		013874452278450798A80F65 /* DockedTabControl.cpp */ = {isa = PBXFileReference; lastKnownFileType = sourcecode.c.cpp; name = DockedTabControl.cpp; path = "../../../../Cinder-Gwen/gwen/gwen/src/Controls/DockedTabControl.cpp"; sourceTree = "<group>"; };
		01A3101DA8264689861A14DA /* ColorPicker.cpp */ = {isa = PBXFileReference; lastKnownFileType = sourcecode.c.cpp; name = ColorPicker.cpp; path = "../../../../Cinder-Gwen/gwen/gwen/src/Controls/ColorPicker.cpp"; sourceTree = "<group>"; };
		0483A1CF4F8F4BDFBA385795 /* TextBox.cpp */ = {isa = PBXFileReference; lastKnownFileType = sourcecode.c.cpp; name = TextBox.cpp; path = "../../../../Cinder-Gwen/gwen/gwen/src/Controls/TextBox.cpp"; sourceTree = "<group>"; };
		0532314DC5E84F7187929EC7 /* DockBase.cpp */ = {isa = PBXFileReference; lastKnownFileType = sourcecode.c.cpp; name = DockBase.cpp; path = "../../../../Cinder-Gwen/gwen/gwen/src/Controls/DockBase.cpp"; sourceTree = "<group>"; };
		0719EB6AA0D0497D90EFB457 /* DockedTabControl.h */ = {isa = PBXFileReference; lastKnownFileType = sourcecode.c.h; name = DockedTabControl.h; path = "../../../../Cinder-Gwen/gwen/gwen/include/Gwen/Controls/DockedTabControl.h"; sourceTree = "<group>"; };
		083C4DE1A75844878681DA5F /* TextBox.h */ = {isa = PBXFileReference; lastKnownFileType = sourcecode.c.h; name = TextBox.h; path = "../../../../Cinder-Gwen/gwen/gwen/include/Gwen/Controls/TextBox.h"; sourceTree = "<group>"; };
		0B70908BBC5B46BC995D04AD /* Exports.h */ = {isa = PBXFileReference; lastKnownFileType = sourcecode.c.h; name = Exports.h; path = "../../../../Cinder-Gwen/gwen/gwen/include/Gwen/Exports.h"; sourceTree = "<group>"; };
		0CAE0F41F94349D3AE7227D4 /* FilePicker.h */ = {isa = PBXFileReference; lastKnownFileType = sourcecode.c.h; name = FilePicker.h; path = "../../../../Cinder-Gwen/gwen/gwen/include/Gwen/Controls/FilePicker.h"; sourceTree = "<group>"; };
		100791B117845C570010CC80 /* ciXtract.cpp */ = {isa = PBXFileReference; fileEncoding = 4; lastKnownFileType = sourcecode.cpp.cpp; path = ciXtract.cpp; sourceTree = "<group>"; };
		100791B217845C570010CC80 /* ciXtract.h */ = {isa = PBXFileReference; fileEncoding = 4; lastKnownFileType = sourcecode.c.h; path = ciXtract.h; sourceTree = "<group>"; };
		100791B317845C570010CC80 /* delta.c */ = {isa = PBXFileReference; fileEncoding = 4; lastKnownFileType = sourcecode.c.c; path = delta.c; sourceTree = "<group>"; };
		100791B417845C570010CC80 /* descriptors.c */ = {isa = PBXFileReference; fileEncoding = 4; lastKnownFileType = sourcecode.c.c; path = descriptors.c; sourceTree = "<group>"; };
		100791B517845C570010CC80 /* fft.h */ = {isa = PBXFileReference; fileEncoding = 4; lastKnownFileType = sourcecode.c.h; path = fft.h; sourceTree = "<group>"; };
		100791B617845C570010CC80 /* fini.c */ = {isa = PBXFileReference; fileEncoding = 4; lastKnownFileType = sourcecode.c.c; path = fini.c; sourceTree = "<group>"; };
		100791B717845C570010CC80 /* helper.c */ = {isa = PBXFileReference; fileEncoding = 4; lastKnownFileType = sourcecode.c.c; path = helper.c; sourceTree = "<group>"; };
		100791B817845C570010CC80 /* init.c */ = {isa = PBXFileReference; fileEncoding = 4; lastKnownFileType = sourcecode.c.c; path = init.c; sourceTree = "<group>"; };
		100791B917845C570010CC80 /* libxtract.c */ = {isa = PBXFileReference; fileEncoding = 4; lastKnownFileType = sourcecode.c.c; name = libxtract.c; path = ../../../src/libxtract.c; sourceTree = "<group>"; };
		100791BC17845C570010CC80 /* fftsg.c */ = {isa = PBXFileReference; fileEncoding = 4; lastKnownFileType = sourcecode.c.c; path = fftsg.c; sourceTree = "<group>"; };
		100791BD17845C570010CC80 /* fftsg.h */ = {isa = PBXFileReference; fileEncoding = 4; lastKnownFileType = sourcecode.c.h; path = fftsg.h; sourceTree = "<group>"; };
		100791BE17845C570010CC80 /* scalar.c */ = {isa = PBXFileReference; fileEncoding = 4; lastKnownFileType = sourcecode.c.c; path = scalar.c; sourceTree = "<group>"; };
		100791BF17845C570010CC80 /* vector.c */ = {isa = PBXFileReference; fileEncoding = 4; lastKnownFileType = sourcecode.c.c; path = vector.c; sourceTree = "<group>"; };
		100791C017845C570010CC80 /* window.c */ = {isa = PBXFileReference; fileEncoding = 4; lastKnownFileType = sourcecode.c.c; path = window.c; sourceTree = "<group>"; };
		100791C217845C570010CC80 /* libxtract.h */ = {isa = PBXFileReference; fileEncoding = 4; lastKnownFileType = sourcecode.c.h; path = libxtract.h; sourceTree = "<group>"; };
		100791C317845C570010CC80 /* Makefile.am */ = {isa = PBXFileReference; fileEncoding = 4; lastKnownFileType = text; path = Makefile.am; sourceTree = "<group>"; };
		100791C417845C570010CC80 /* xtract_delta.h */ = {isa = PBXFileReference; fileEncoding = 4; lastKnownFileType = sourcecode.c.h; path = xtract_delta.h; sourceTree = "<group>"; };
		100791C517845C570010CC80 /* xtract_helper.h */ = {isa = PBXFileReference; fileEncoding = 4; lastKnownFileType = sourcecode.c.h; path = xtract_helper.h; sourceTree = "<group>"; };
		100791C617845C570010CC80 /* xtract_macros.h */ = {isa = PBXFileReference; fileEncoding = 4; lastKnownFileType = sourcecode.c.h; path = xtract_macros.h; sourceTree = "<group>"; };
		100791C717845C570010CC80 /* xtract_scalar.h */ = {isa = PBXFileReference; fileEncoding = 4; lastKnownFileType = sourcecode.c.h; path = xtract_scalar.h; sourceTree = "<group>"; };
		100791C817845C570010CC80 /* xtract_types.h */ = {isa = PBXFileReference; fileEncoding = 4; lastKnownFileType = sourcecode.c.h; path = xtract_types.h; sourceTree = "<group>"; };
		100791C917845C570010CC80 /* xtract_vector.h */ = {isa = PBXFileReference; fileEncoding = 4; lastKnownFileType = sourcecode.c.h; path = xtract_vector.h; sourceTree = "<group>"; };
		100791CA17845C570010CC80 /* xtract_globals_private.h */ = {isa = PBXFileReference; fileEncoding = 4; lastKnownFileType = sourcecode.c.h; path = xtract_globals_private.h; sourceTree = "<group>"; };
		100791CB17845C570010CC80 /* xtract_macros_private.h */ = {isa = PBXFileReference; fileEncoding = 4; lastKnownFileType = sourcecode.c.h; path = xtract_macros_private.h; sourceTree = "<group>"; };
		100791CC17845C570010CC80 /* xtract_window_private.h */ = {isa = PBXFileReference; fileEncoding = 4; lastKnownFileType = sourcecode.c.h; path = xtract_window_private.h; sourceTree = "<group>"; };
		100791F517845DBD0010CC80 /* ciXtractFeature.h */ = {isa = PBXFileReference; lastKnownFileType = sourcecode.c.h; path = ciXtractFeature.h; sourceTree = "<group>"; };
		101099AF1782EC39001F19F9 /* ScalarWidget.cpp */ = {isa = PBXFileReference; fileEncoding = 4; lastKnownFileType = sourcecode.cpp.cpp; name = ScalarWidget.cpp; path = ../src/ScalarWidget.cpp; sourceTree = "<group>"; };
		101099B11782EC79001F19F9 /* WidgetBase.h */ = {isa = PBXFileReference; lastKnownFileType = sourcecode.c.h; name = WidgetBase.h; path = ../include/WidgetBase.h; sourceTree = "<group>"; };
		101099B21782EDF1001F19F9 /* VectorWidget.h */ = {isa = PBXFileReference; lastKnownFileType = sourcecode.c.h; name = VectorWidget.h; path = ../include/VectorWidget.h; sourceTree = "<group>"; };
		101099B41782F039001F19F9 /* VectorWidget.cpp */ = {isa = PBXFileReference; fileEncoding = 4; lastKnownFileType = sourcecode.cpp.cpp; name = VectorWidget.cpp; path = ../src/VectorWidget.cpp; sourceTree = "<group>"; };
		1058C7A1FEA54F0111CA2CBB /* Cocoa.framework */ = {isa = PBXFileReference; lastKnownFileType = wrapper.framework; name = Cocoa.framework; path = /System/Library/Frameworks/Cocoa.framework; sourceTree = "<absolute>"; };
		106DED7E17857E0300AFF68F /* ciXtractFeature.cpp */ = {isa = PBXFileReference; fileEncoding = 4; lastKnownFileType = sourcecode.cpp.cpp; path = ciXtractFeature.cpp; sourceTree = "<group>"; };
		1096FAB31782E97F001B6BBD /* ScalarWidget.h */ = {isa = PBXFileReference; lastKnownFileType = sourcecode.c.h; name = ScalarWidget.h; path = ../include/ScalarWidget.h; sourceTree = "<group>"; };
		120EDEE8FA644A919E069DBC /* Button.h */ = {isa = PBXFileReference; lastKnownFileType = sourcecode.c.h; name = Button.h; path = "../../../../Cinder-Gwen/gwen/gwen/include/Gwen/Controls/Button.h"; sourceTree = "<group>"; };
		12FC2B609E62441090A8723D /* ComboBox.h */ = {isa = PBXFileReference; lastKnownFileType = sourcecode.c.h; name = ComboBox.h; path = "../../../../Cinder-Gwen/gwen/gwen/include/Gwen/Controls/ComboBox.h"; sourceTree = "<group>"; };
		1371B72CA8F84EF1B6AC5905 /* GwenSample_Prefix.pch */ = {isa = PBXFileReference; lastKnownFileType = "\"\""; path = GwenSample_Prefix.pch; sourceTree = "<group>"; };
		142A8A1ACF6449A7B164F875 /* ScrollBar.h */ = {isa = PBXFileReference; lastKnownFileType = sourcecode.c.h; name = ScrollBar.h; path = "../../../../Cinder-Gwen/gwen/gwen/include/Gwen/Controls/ScrollBar.h"; sourceTree = "<group>"; };
		17E93506AB804353A7A24454 /* GroupBox.cpp */ = {isa = PBXFileReference; lastKnownFileType = sourcecode.c.cpp; name = GroupBox.cpp; path = "../../../../Cinder-Gwen/gwen/gwen/src/Controls/GroupBox.cpp"; sourceTree = "<group>"; };
		183930D2E699465A9ABBA8C5 /* Highlight.h */ = {isa = PBXFileReference; lastKnownFileType = sourcecode.c.h; name = Highlight.h; path = "../../../../Cinder-Gwen/gwen/gwen/include/Gwen/Controls/Highlight.h"; sourceTree = "<group>"; };
		1871E4790BBE4C9CA0212C0E /* Label.h */ = {isa = PBXFileReference; lastKnownFileType = sourcecode.c.h; name = Label.h; path = "../../../../Cinder-Gwen/gwen/gwen/include/Gwen/Controls/Label.h"; sourceTree = "<group>"; };
		1AA233B0743F45A9BECEEEDD /* CollapsibleCategory.h */ = {isa = PBXFileReference; lastKnownFileType = sourcecode.c.h; name = CollapsibleCategory.h; path = "../../../../Cinder-Gwen/gwen/gwen/include/Gwen/Controls/CollapsibleCategory.h"; sourceTree = "<group>"; };
		1AC42036851042B8BB436524 /* FolderOpen.h */ = {isa = PBXFileReference; lastKnownFileType = sourcecode.c.h; name = FolderOpen.h; path = "../../../../Cinder-Gwen/gwen/gwen/include/Gwen/Controls/Dialogs/FolderOpen.h"; sourceTree = "<group>"; };
		1CFFA9ADD07649499E02EB4B /* Resizer.cpp */ = {isa = PBXFileReference; lastKnownFileType = sourcecode.c.cpp; name = Resizer.cpp; path = "../../../../Cinder-Gwen/gwen/gwen/src/Controls/Resizer.cpp"; sourceTree = "<group>"; };
		2255CEB0CBE440A99B3DC788 /* Align.h */ = {isa = PBXFileReference; lastKnownFileType = sourcecode.c.h; name = Align.h; path = "../../../../Cinder-Gwen/gwen/gwen/include/Gwen/Align.h"; sourceTree = "<group>"; };
		232A814766B1401CA11972AF /* Anim.h */ = {isa = PBXFileReference; lastKnownFileType = sourcecode.c.h; name = Anim.h; path = "../../../../Cinder-Gwen/gwen/gwen/include/Gwen/Anim.h"; sourceTree = "<group>"; };
		24E8A3F59D98485FBDC17019 /* Query.cpp */ = {isa = PBXFileReference; lastKnownFileType = sourcecode.c.cpp; name = Query.cpp; path = "../../../../Cinder-Gwen/gwen/gwen/src/Controls/Dialog/Query.cpp"; sourceTree = "<group>"; };
		24FA1AB78F5C421192D6F25D /* MenuItem.h */ = {isa = PBXFileReference; lastKnownFileType = sourcecode.c.h; name = MenuItem.h; path = "../../../../Cinder-Gwen/gwen/gwen/include/Gwen/Controls/MenuItem.h"; sourceTree = "<group>"; };
		25216490283549BF8F5C3AFE /* Base.cpp */ = {isa = PBXFileReference; lastKnownFileType = sourcecode.c.cpp; name = Base.cpp; path = "../../../../Cinder-Gwen/gwen/gwen/src/Controls/Base.cpp"; sourceTree = "<group>"; };
		258A68C49E834D12B879E14B /* HorizontalScrollBar.cpp */ = {isa = PBXFileReference; lastKnownFileType = sourcecode.c.cpp; name = HorizontalScrollBar.cpp; path = "../../../../Cinder-Gwen/gwen/gwen/src/Controls/HorizontalScrollBar.cpp"; sourceTree = "<group>"; };
		264948C7182D41BD9FEB87B9 /* DragAndDrop.cpp */ = {isa = PBXFileReference; lastKnownFileType = sourcecode.c.cpp; name = DragAndDrop.cpp; path = "../../../../Cinder-Gwen/gwen/gwen/src/DragAndDrop.cpp"; sourceTree = "<group>"; };
		29B97324FDCFA39411CA2CEA /* AppKit.framework */ = {isa = PBXFileReference; lastKnownFileType = wrapper.framework; name = AppKit.framework; path = /System/Library/Frameworks/AppKit.framework; sourceTree = "<absolute>"; };
		29B97325FDCFA39411CA2CEA /* Foundation.framework */ = {isa = PBXFileReference; lastKnownFileType = wrapper.framework; name = Foundation.framework; path = /System/Library/Frameworks/Foundation.framework; sourceTree = "<absolute>"; };
		2C79A64BA28748E1A70A105C /* Splitters.h */ = {isa = PBXFileReference; lastKnownFileType = sourcecode.c.h; name = Splitters.h; path = "../../../../Cinder-Gwen/gwen/gwen/include/Gwen/Controls/Splitters.h"; sourceTree = "<group>"; };
		2D59F0D827644DC2AE93E0ED /* ComboBox.h */ = {isa = PBXFileReference; lastKnownFileType = sourcecode.c.h; name = ComboBox.h; path = "../../../../Cinder-Gwen/gwen/gwen/include/Gwen/Controls/Property/ComboBox.h"; sourceTree = "<group>"; };
		31CF350D13534987B1E11875 /* Gwen.h */ = {isa = PBXFileReference; lastKnownFileType = sourcecode.c.h; name = Gwen.h; path = "../../../../Cinder-Gwen/gwen/gwen/include/Gwen/Gwen.h"; sourceTree = "<group>"; };
		330324C2224E4408A41F38BC /* ScrollBarBar.cpp */ = {isa = PBXFileReference; lastKnownFileType = sourcecode.c.cpp; name = ScrollBarBar.cpp; path = "../../../../Cinder-Gwen/gwen/gwen/src/Controls/ScrollBarBar.cpp"; sourceTree = "<group>"; };
		3741B91C8DC84E6F9AD2C4A9 /* WindowControl.h */ = {isa = PBXFileReference; lastKnownFileType = sourcecode.c.h; name = WindowControl.h; path = "../../../../Cinder-Gwen/gwen/gwen/include/Gwen/Controls/WindowControl.h"; sourceTree = "<group>"; };
		390D1F63FE8C4F5FA9B4A87B /* Anim.cpp */ = {isa = PBXFileReference; lastKnownFileType = sourcecode.c.cpp; name = Anim.cpp; path = "../../../../Cinder-Gwen/gwen/gwen/src/Anim.cpp"; sourceTree = "<group>"; };
		392CEAA545FB4B1AB93B43BF /* TreeNode.h */ = {isa = PBXFileReference; lastKnownFileType = sourcecode.c.h; name = TreeNode.h; path = "../../../../Cinder-Gwen/gwen/gwen/include/Gwen/Controls/TreeNode.h"; sourceTree = "<group>"; };
		3CAEC1E0B49A4454A4219D76 /* Config.h */ = {isa = PBXFileReference; lastKnownFileType = sourcecode.c.h; name = Config.h; path = "../../../../Cinder-Gwen/gwen/gwen/include/Gwen/Config.h"; sourceTree = "<group>"; };
		400538699DC8452C8C3350C5 /* Button.cpp */ = {isa = PBXFileReference; lastKnownFileType = sourcecode.c.cpp; name = Button.cpp; path = "../../../../Cinder-Gwen/gwen/gwen/src/Controls/Button.cpp"; sourceTree = "<group>"; };
		4174E053BE144C3EAED6A488 /* BaseRender.h */ = {isa = PBXFileReference; lastKnownFileType = sourcecode.c.h; name = BaseRender.h; path = "../../../../Cinder-Gwen/gwen/gwen/include/Gwen/BaseRender.h"; sourceTree = "<group>"; };
		46F02150AC6E4883AE307B7E /* RadioButtonController.cpp */ = {isa = PBXFileReference; lastKnownFileType = sourcecode.c.cpp; name = RadioButtonController.cpp; path = "../../../../Cinder-Gwen/gwen/gwen/src/Controls/RadioButtonController.cpp"; sourceTree = "<group>"; };
		479220DC53B741A294802A44 /* PropertyTree.h */ = {isa = PBXFileReference; lastKnownFileType = sourcecode.c.h; name = PropertyTree.h; path = "../../../../Cinder-Gwen/gwen/gwen/include/Gwen/Controls/PropertyTree.h"; sourceTree = "<group>"; };
		48DCE9FC199B4AFEA1ED0AE0 /* Slider.cpp */ = {isa = PBXFileReference; lastKnownFileType = sourcecode.c.cpp; name = Slider.cpp; path = "../../../../Cinder-Gwen/gwen/gwen/src/Controls/Slider.cpp"; sourceTree = "<group>"; };
		4B63FB5C0FB84DFE8D34E65C /* DockBase.h */ = {isa = PBXFileReference; lastKnownFileType = sourcecode.c.h; name = DockBase.h; path = "../../../../Cinder-Gwen/gwen/gwen/include/Gwen/Controls/DockBase.h"; sourceTree = "<group>"; };
		4D012E76060B4941A3FF4DB0 /* Utility.h */ = {isa = PBXFileReference; lastKnownFileType = sourcecode.c.h; name = Utility.h; path = "../../../../Cinder-Gwen/gwen/gwen/include/Gwen/Utility.h"; sourceTree = "<group>"; };
		4D14884DFC7E4A83899E5443 /* Resizer.h */ = {isa = PBXFileReference; lastKnownFileType = sourcecode.c.h; name = Resizer.h; path = "../../../../Cinder-Gwen/gwen/gwen/include/Gwen/Controls/Resizer.h"; sourceTree = "<group>"; };
		4DFF10A8DAB74697A925C516 /* GroupBox.h */ = {isa = PBXFileReference; lastKnownFileType = sourcecode.c.h; name = GroupBox.h; path = "../../../../Cinder-Gwen/gwen/gwen/include/Gwen/Controls/GroupBox.h"; sourceTree = "<group>"; };
		4E100D2E5756423E847FF70A /* TexturedBase.h */ = {isa = PBXFileReference; lastKnownFileType = sourcecode.c.h; name = TexturedBase.h; path = "../../../../Cinder-Gwen/gwen/gwen/include/Gwen/Skins/TexturedBase.h"; sourceTree = "<group>"; };
		5099EFC3B6164135B91234C1 /* FolderOpen.cpp */ = {isa = PBXFileReference; lastKnownFileType = sourcecode.c.cpp; name = FolderOpen.cpp; path = "../../../../Cinder-Gwen/gwen/gwen/src/Controls/Dialog/FolderOpen.cpp"; sourceTree = "<group>"; };
		50AA5410E12544D19E2448CA /* VerticalSlider.cpp */ = {isa = PBXFileReference; lastKnownFileType = sourcecode.c.cpp; name = VerticalSlider.cpp; path = "../../../../Cinder-Gwen/gwen/gwen/src/Controls/VerticalSlider.cpp"; sourceTree = "<group>"; };
		519DE3C4F6E44ED7BB89DD47 /* CollapsibleCategory.cpp */ = {isa = PBXFileReference; lastKnownFileType = sourcecode.c.cpp; name = CollapsibleCategory.cpp; path = "../../../../Cinder-Gwen/gwen/gwen/src/Controls/CollapsibleCategory.cpp"; sourceTree = "<group>"; };
		52E1C6320CDA445B86EDFB6D /* CrossSplitter.h */ = {isa = PBXFileReference; lastKnownFileType = sourcecode.c.h; name = CrossSplitter.h; path = "../../../../Cinder-Gwen/gwen/gwen/include/Gwen/Controls/CrossSplitter.h"; sourceTree = "<group>"; };
		5323E6B10EAFCA74003A9687 /* CoreVideo.framework */ = {isa = PBXFileReference; lastKnownFileType = wrapper.framework; name = CoreVideo.framework; path = /System/Library/Frameworks/CoreVideo.framework; sourceTree = "<absolute>"; };
		5323E6B50EAFCA7E003A9687 /* QTKit.framework */ = {isa = PBXFileReference; lastKnownFileType = wrapper.framework; name = QTKit.framework; path = /System/Library/Frameworks/QTKit.framework; sourceTree = "<absolute>"; };
		5331DB3875354B1ABA284100 /* DefaultSkin.png */ = {isa = PBXFileReference; lastKnownFileType = "\"\""; name = DefaultSkin.png; path = "../../../../Cinder-Gwen/assets/DefaultSkin.png"; sourceTree = "<group>"; };
		5915AF3F1EFB4802B1EE7BD4 /* Base.h */ = {isa = PBXFileReference; lastKnownFileType = sourcecode.c.h; name = Base.h; path = "../../../../Cinder-Gwen/gwen/gwen/include/Gwen/Controls/Base.h"; sourceTree = "<group>"; };
		60CBC07CD536494BB41F52E1 /* FileSave.h */ = {isa = PBXFileReference; lastKnownFileType = sourcecode.c.h; name = FileSave.h; path = "../../../../Cinder-Gwen/gwen/gwen/include/Gwen/Controls/Dialogs/FileSave.h"; sourceTree = "<group>"; };
		60DA5EB03E7243659EAB7D72 /* Rectangle.h */ = {isa = PBXFileReference; lastKnownFileType = sourcecode.c.h; name = Rectangle.h; path = "../../../../Cinder-Gwen/gwen/gwen/include/Gwen/Controls/Rectangle.h"; sourceTree = "<group>"; };
		62852FBB31834380AED430E2 /* SplitterBar.cpp */ = {isa = PBXFileReference; lastKnownFileType = sourcecode.c.cpp; name = SplitterBar.cpp; path = "../../../../Cinder-Gwen/gwen/gwen/src/Controls/SplitterBar.cpp"; sourceTree = "<group>"; };
		639B1879C01C43238EFADFB6 /* FieldLabel.h */ = {isa = PBXFileReference; lastKnownFileType = sourcecode.c.h; name = FieldLabel.h; path = "../../../../Cinder-Gwen/gwen/gwen/include/Gwen/Controls/FieldLabel.h"; sourceTree = "<group>"; };
		6674888BEFB849E4B87E27A0 /* Text.h */ = {isa = PBXFileReference; lastKnownFileType = sourcecode.c.h; name = Text.h; path = "../../../../Cinder-Gwen/gwen/gwen/include/Gwen/Controls/Text.h"; sourceTree = "<group>"; };
		6918BD893AD44C77AFAFA551 /* RichLabel.cpp */ = {isa = PBXFileReference; lastKnownFileType = sourcecode.c.cpp; name = RichLabel.cpp; path = "../../../../Cinder-Gwen/gwen/gwen/src/Controls/RichLabel.cpp"; sourceTree = "<group>"; };
		6B76580CA22B4738B92F247A /* ControlList.cpp */ = {isa = PBXFileReference; lastKnownFileType = sourcecode.c.cpp; name = ControlList.cpp; path = "../../../../Cinder-Gwen/gwen/gwen/src/ControlList.cpp"; sourceTree = "<group>"; };
		6BD9810E930341F9B20FF7FE /* PageControl.cpp */ = {isa = PBXFileReference; lastKnownFileType = sourcecode.c.cpp; name = PageControl.cpp; path = "../../../../Cinder-Gwen/gwen/gwen/src/Controls/PageControl.cpp"; sourceTree = "<group>"; };
		6C4961FDDB7B4BB19BC3913C /* GwenRendererGl.h */ = {isa = PBXFileReference; lastKnownFileType = sourcecode.c.h; name = GwenRendererGl.h; path = "../../../../Cinder-Gwen/src/cigwen/GwenRendererGl.h"; sourceTree = "<group>"; };
		702B45E6D47E4DF1AFA577FC /* Canvas.h */ = {isa = PBXFileReference; lastKnownFileType = sourcecode.c.h; name = Canvas.h; path = "../../../../Cinder-Gwen/gwen/gwen/include/Gwen/Controls/Canvas.h"; sourceTree = "<group>"; };
		75290B87B9914F59A5B52C46 /* ToolBar.h */ = {isa = PBXFileReference; lastKnownFileType = sourcecode.c.h; name = ToolBar.h; path = "../../../../Cinder-Gwen/gwen/gwen/include/Gwen/Controls/ToolBar.h"; sourceTree = "<group>"; };
		7578CCE413BB457E9B287733 /* VerticalScrollBar.cpp */ = {isa = PBXFileReference; lastKnownFileType = sourcecode.c.cpp; name = VerticalScrollBar.cpp; path = "../../../../Cinder-Gwen/gwen/gwen/src/Controls/VerticalScrollBar.cpp"; sourceTree = "<group>"; };
		759E0261AC064F4BB1B8F64D /* HorizontalScrollBar.h */ = {isa = PBXFileReference; lastKnownFileType = sourcecode.c.h; name = HorizontalScrollBar.h; path = "../../../../Cinder-Gwen/gwen/gwen/include/Gwen/Controls/HorizontalScrollBar.h"; sourceTree = "<group>"; };
		784103C8FED14BEC898CE9F1 /* WindowProvider.h */ = {isa = PBXFileReference; lastKnownFileType = sourcecode.c.h; name = WindowProvider.h; path = "../../../../Cinder-Gwen/gwen/gwen/include/Gwen/WindowProvider.h"; sourceTree = "<group>"; };
		788A97A29588405C800532E3 /* ColorControls.cpp */ = {isa = PBXFileReference; lastKnownFileType = sourcecode.c.cpp; name = ColorControls.cpp; path = "../../../../Cinder-Gwen/gwen/gwen/src/Controls/ColorControls.cpp"; sourceTree = "<group>"; };
		797A832540CB4370BC3DB93C /* DragAndDrop.h */ = {isa = PBXFileReference; lastKnownFileType = sourcecode.c.h; name = DragAndDrop.h; path = "../../../../Cinder-Gwen/gwen/gwen/include/Gwen/DragAndDrop.h"; sourceTree = "<group>"; };
		7E649224546542D89CB1878D /* Tile.h */ = {isa = PBXFileReference; lastKnownFileType = sourcecode.c.h; name = Tile.h; path = "../../../../Cinder-Gwen/gwen/gwen/include/Gwen/Controls/Layout/Tile.h"; sourceTree = "<group>"; };
		7F7177D995DE4E3A976CAA1B /* ProgressBar.cpp */ = {isa = PBXFileReference; lastKnownFileType = sourcecode.c.cpp; name = ProgressBar.cpp; path = "../../../../Cinder-Gwen/gwen/gwen/src/Controls/ProgressBar.cpp"; sourceTree = "<group>"; };
		80EEE289F2D549848F57D502 /* WindowControl.cpp */ = {isa = PBXFileReference; lastKnownFileType = sourcecode.c.cpp; name = WindowControl.cpp; path = "../../../../Cinder-Gwen/gwen/gwen/src/Controls/WindowControl.cpp"; sourceTree = "<group>"; };
		81735B6BB52A4474A9EB76D3 /* TabStrip.cpp */ = {isa = PBXFileReference; lastKnownFileType = sourcecode.c.cpp; name = TabStrip.cpp; path = "../../../../Cinder-Gwen/gwen/gwen/src/Controls/TabStrip.cpp"; sourceTree = "<group>"; };
		827408CE68C747A4A04D7F81 /* UserData.h */ = {isa = PBXFileReference; lastKnownFileType = sourcecode.c.h; name = UserData.h; path = "../../../../Cinder-Gwen/gwen/gwen/include/Gwen/UserData.h"; sourceTree = "<group>"; };
		836A34C933524971B39BB63F /* ProgressBar.h */ = {isa = PBXFileReference; lastKnownFileType = sourcecode.c.h; name = ProgressBar.h; path = "../../../../Cinder-Gwen/gwen/gwen/include/Gwen/Controls/ProgressBar.h"; sourceTree = "<group>"; };
		85101A7214C242F5AF22A6F2 /* Hook.cpp */ = {isa = PBXFileReference; lastKnownFileType = sourcecode.c.cpp; name = Hook.cpp; path = "../../../../Cinder-Gwen/gwen/gwen/src/Hook.cpp"; sourceTree = "<group>"; };
		854D92C908A34EC3A8FB6B71 /* TabButton.h */ = {isa = PBXFileReference; lastKnownFileType = sourcecode.c.h; name = TabButton.h; path = "../../../../Cinder-Gwen/gwen/gwen/include/Gwen/Controls/TabButton.h"; sourceTree = "<group>"; };
		869CB352B30D4E4AACF7059B /* Skin.h */ = {isa = PBXFileReference; lastKnownFileType = sourcecode.c.h; name = Skin.h; path = "../../../../Cinder-Gwen/gwen/gwen/include/Gwen/Skin.h"; sourceTree = "<group>"; };
		899F511643B64E7D9AFEB585 /* Info.plist */ = {isa = PBXFileReference; lastKnownFileType = text.plist.xml; path = Info.plist; sourceTree = "<group>"; };
		8A07FFC79F3948CA93EFA68E /* Simple.h */ = {isa = PBXFileReference; lastKnownFileType = sourcecode.c.h; name = Simple.h; path = "../../../../Cinder-Gwen/gwen/gwen/include/Gwen/Skins/Simple.h"; sourceTree = "<group>"; };
		8BC585CD9A674359928119AE /* Structures.h */ = {isa = PBXFileReference; lastKnownFileType = sourcecode.c.h; name = Structures.h; path = "../../../../Cinder-Gwen/gwen/gwen/include/Gwen/Structures.h"; sourceTree = "<group>"; };
		8CFA50F6D8FF4C44AF7C8F4F /* RichLabel.h */ = {isa = PBXFileReference; lastKnownFileType = sourcecode.c.h; name = RichLabel.h; path = "../../../../Cinder-Gwen/gwen/gwen/include/Gwen/Controls/RichLabel.h"; sourceTree = "<group>"; };
		8D1107320486CEB800E47090 /* GwenSample.app */ = {isa = PBXFileReference; explicitFileType = wrapper.application; includeInIndex = 0; path = GwenSample.app; sourceTree = BUILT_PRODUCTS_DIR; };
		8DCCBFC585044E868257DE23 /* LabelClickable.cpp */ = {isa = PBXFileReference; lastKnownFileType = sourcecode.c.cpp; name = LabelClickable.cpp; path = "../../../../Cinder-Gwen/gwen/gwen/src/Controls/LabelClickable.cpp"; sourceTree = "<group>"; };
		8DF0FA0CA2DB4F1B9C27E679 /* CinderGwen.h */ = {isa = PBXFileReference; lastKnownFileType = sourcecode.c.h; name = CinderGwen.h; path = "../../../../Cinder-Gwen/src/cigwen/CinderGwen.h"; sourceTree = "<group>"; };
		8E436A7717B74359BA855EF8 /* ToolTip.h */ = {isa = PBXFileReference; lastKnownFileType = sourcecode.c.h; name = ToolTip.h; path = "../../../../Cinder-Gwen/gwen/gwen/include/Gwen/ToolTip.h"; sourceTree = "<group>"; };
		8FD454D9286642259C3D3121 /* CinderApp.icns */ = {isa = PBXFileReference; lastKnownFileType = image.icns; name = CinderApp.icns; path = ../resources/CinderApp.icns; sourceTree = "<group>"; };
		8FE5D95449644E3B88CD3499 /* ColorPicker.h */ = {isa = PBXFileReference; lastKnownFileType = sourcecode.c.h; name = ColorPicker.h; path = "../../../../Cinder-Gwen/gwen/gwen/include/Gwen/Controls/ColorPicker.h"; sourceTree = "<group>"; };
		9034372D2A41465BA8CE07FF /* VerticalScrollBar.h */ = {isa = PBXFileReference; lastKnownFileType = sourcecode.c.h; name = VerticalScrollBar.h; path = "../../../../Cinder-Gwen/gwen/gwen/include/Gwen/Controls/VerticalScrollBar.h"; sourceTree = "<group>"; };
		92166311E1FA4A84BCF8C353 /* WindowButtons.h */ = {isa = PBXFileReference; lastKnownFileType = sourcecode.c.h; name = WindowButtons.h; path = "../../../../Cinder-Gwen/gwen/gwen/include/Gwen/Controls/WindowButtons.h"; sourceTree = "<group>"; };
		9373978688AB4A5C99C25BB4 /* Platform.h */ = {isa = PBXFileReference; lastKnownFileType = sourcecode.c.h; name = Platform.h; path = "../../../../Cinder-Gwen/gwen/gwen/include/Gwen/Platform.h"; sourceTree = "<group>"; };
		94AF7C85287D4EB1B019B3FD /* ScrollBarBar.h */ = {isa = PBXFileReference; lastKnownFileType = sourcecode.c.h; name = ScrollBarBar.h; path = "../../../../Cinder-Gwen/gwen/gwen/include/Gwen/Controls/ScrollBarBar.h"; sourceTree = "<group>"; };
		94ED3DF9BE1D4AD7B007FDB2 /* Utility.cpp */ = {isa = PBXFileReference; lastKnownFileType = sourcecode.c.cpp; name = Utility.cpp; path = "../../../../Cinder-Gwen/gwen/gwen/src/Utility.cpp"; sourceTree = "<group>"; };
		97140340B2104302AF6E8CAC /* MenuStrip.cpp */ = {isa = PBXFileReference; lastKnownFileType = sourcecode.c.cpp; name = MenuStrip.cpp; path = "../../../../Cinder-Gwen/gwen/gwen/src/Controls/MenuStrip.cpp"; sourceTree = "<group>"; };
		9770EFF6F18840F2862E3C3E /* MenuStrip.h */ = {isa = PBXFileReference; lastKnownFileType = sourcecode.c.h; name = MenuStrip.h; path = "../../../../Cinder-Gwen/gwen/gwen/include/Gwen/Controls/MenuStrip.h"; sourceTree = "<group>"; };
		985BB61DA6EA423784AE6966 /* FileSave.cpp */ = {isa = PBXFileReference; lastKnownFileType = sourcecode.c.cpp; name = FileSave.cpp; path = "../../../../Cinder-Gwen/gwen/gwen/src/Controls/Dialog/FileSave.cpp"; sourceTree = "<group>"; };
		98D49BDF9E834BC6A9B7FC8F /* TextObject.h */ = {isa = PBXFileReference; lastKnownFileType = sourcecode.c.h; name = TextObject.h; path = "../../../../Cinder-Gwen/gwen/gwen/include/Gwen/TextObject.h"; sourceTree = "<group>"; };
		9926BC3B7B184800962C4B3F /* TabStrip.h */ = {isa = PBXFileReference; lastKnownFileType = sourcecode.c.h; name = TabStrip.h; path = "../../../../Cinder-Gwen/gwen/gwen/include/Gwen/Controls/TabStrip.h"; sourceTree = "<group>"; };
		9931309C6B2F4514B18ED82A /* Table.h */ = {isa = PBXFileReference; lastKnownFileType = sourcecode.c.h; name = Table.h; path = "../../../../Cinder-Gwen/gwen/gwen/include/Gwen/Controls/Layout/Table.h"; sourceTree = "<group>"; };
		9B0D004946DC40449478E028 /* HorizontalSlider.h */ = {isa = PBXFileReference; lastKnownFileType = sourcecode.c.h; name = HorizontalSlider.h; path = "../../../../Cinder-Gwen/gwen/gwen/include/Gwen/Controls/HorizontalSlider.h"; sourceTree = "<group>"; };
		9C86EC6A24EA41939837B765 /* FileOpen.cpp */ = {isa = PBXFileReference; lastKnownFileType = sourcecode.c.cpp; name = FileOpen.cpp; path = "../../../../Cinder-Gwen/gwen/gwen/src/Controls/Dialog/FileOpen.cpp"; sourceTree = "<group>"; };
		9D3F67330EB04203AA9CDA9E /* Text.cpp */ = {isa = PBXFileReference; lastKnownFileType = sourcecode.c.cpp; name = Text.cpp; path = "../../../../Cinder-Gwen/gwen/gwen/src/Controls/Text.cpp"; sourceTree = "<group>"; };
		9D8EB35FB8B74328AACB52EA /* WindowCanvas.h */ = {isa = PBXFileReference; lastKnownFileType = sourcecode.c.h; name = WindowCanvas.h; path = "../../../../Cinder-Gwen/gwen/gwen/include/Gwen/Controls/WindowCanvas.h"; sourceTree = "<group>"; };
		9D96AEFDA7414323BCDBDCD5 /* TabControl.cpp */ = {isa = PBXFileReference; lastKnownFileType = sourcecode.c.cpp; name = TabControl.cpp; path = "../../../../Cinder-Gwen/gwen/gwen/src/Controls/TabControl.cpp"; sourceTree = "<group>"; };
		9E5B32A508A54EA88C03953F /* ScrollControl.cpp */ = {isa = PBXFileReference; lastKnownFileType = sourcecode.c.cpp; name = ScrollControl.cpp; path = "../../../../Cinder-Gwen/gwen/gwen/src/Controls/ScrollControl.cpp"; sourceTree = "<group>"; };
		9FEE8C08F6F447DD9C6FF903 /* FolderPicker.h */ = {isa = PBXFileReference; lastKnownFileType = sourcecode.c.h; name = FolderPicker.h; path = "../../../../Cinder-Gwen/gwen/gwen/include/Gwen/Controls/FolderPicker.h"; sourceTree = "<group>"; };
		A0F65B5E52B94EFCBD1E69C7 /* Label.cpp */ = {isa = PBXFileReference; lastKnownFileType = sourcecode.c.cpp; name = Label.cpp; path = "../../../../Cinder-Gwen/gwen/gwen/src/Controls/Label.cpp"; sourceTree = "<group>"; };
		A165824E47ED4C4B9419F3E7 /* NumericUpDown.cpp */ = {isa = PBXFileReference; lastKnownFileType = sourcecode.c.cpp; name = NumericUpDown.cpp; path = "../../../../Cinder-Gwen/gwen/gwen/src/Controls/NumericUpDown.cpp"; sourceTree = "<group>"; };
		A21318A286B64272A75C6DC5 /* GwenSampleApp.cpp */ = {isa = PBXFileReference; lastKnownFileType = sourcecode.c.cpp; name = GwenSampleApp.cpp; path = ../src/GwenSampleApp.cpp; sourceTree = "<group>"; };
		A3E99BA6D88940A3BA8366F4 /* TreeControl.h */ = {isa = PBXFileReference; lastKnownFileType = sourcecode.c.h; name = TreeControl.h; path = "../../../../Cinder-Gwen/gwen/gwen/include/Gwen/Controls/TreeControl.h"; sourceTree = "<group>"; };
		A7036F8AE9BA48A9922B9B44 /* HSVColorPicker.cpp */ = {isa = PBXFileReference; lastKnownFileType = sourcecode.c.cpp; name = HSVColorPicker.cpp; path = "../../../../Cinder-Gwen/gwen/gwen/src/Controls/HSVColorPicker.cpp"; sourceTree = "<group>"; };
		A797445E4EA54B3EAE61B79F /* ToolTip.cpp */ = {isa = PBXFileReference; lastKnownFileType = sourcecode.c.cpp; name = ToolTip.cpp; path = "../../../../Cinder-Gwen/gwen/gwen/src/ToolTip.cpp"; sourceTree = "<group>"; };
		A877448823634CCC9808746B /* RadioButton.h */ = {isa = PBXFileReference; lastKnownFileType = sourcecode.c.h; name = RadioButton.h; path = "../../../../Cinder-Gwen/gwen/gwen/include/Gwen/Controls/RadioButton.h"; sourceTree = "<group>"; };
		AA792E51BF044DB1888BE6CB /* ResizableControl.h */ = {isa = PBXFileReference; lastKnownFileType = sourcecode.c.h; name = ResizableControl.h; path = "../../../../Cinder-Gwen/gwen/gwen/include/Gwen/Controls/ResizableControl.h"; sourceTree = "<group>"; };
		AA8D27948A45478D93A25A8F /* ListBox.cpp */ = {isa = PBXFileReference; lastKnownFileType = sourcecode.c.cpp; name = ListBox.cpp; path = "../../../../Cinder-Gwen/gwen/gwen/src/Controls/ListBox.cpp"; sourceTree = "<group>"; };
		AB5869E1BC9544F58117ADA9 /* File.h */ = {isa = PBXFileReference; lastKnownFileType = sourcecode.c.h; name = File.h; path = "../../../../Cinder-Gwen/gwen/gwen/include/Gwen/Controls/Property/File.h"; sourceTree = "<group>"; };
		ABDCCBCFD20841A4AEE1C17A /* Gwen.cpp */ = {isa = PBXFileReference; lastKnownFileType = sourcecode.c.cpp; name = Gwen.cpp; path = "../../../../Cinder-Gwen/gwen/gwen/src/Gwen.cpp"; sourceTree = "<group>"; };
		AC481179F0ED4085AEB7980B /* ImagePanel.cpp */ = {isa = PBXFileReference; lastKnownFileType = sourcecode.c.cpp; name = ImagePanel.cpp; path = "../../../../Cinder-Gwen/gwen/gwen/src/Controls/ImagePanel.cpp"; sourceTree = "<group>"; };
		ACBE7DCBBD1F406EA873A762 /* Dragger.h */ = {isa = PBXFileReference; lastKnownFileType = sourcecode.c.h; name = Dragger.h; path = "../../../../Cinder-Gwen/gwen/gwen/include/Gwen/Controls/Dragger.h"; sourceTree = "<group>"; };
		ACED6DFE8A844F91A01A9963 /* Position.h */ = {isa = PBXFileReference; lastKnownFileType = sourcecode.c.h; name = Position.h; path = "../../../../Cinder-Gwen/gwen/gwen/include/Gwen/Controls/Layout/Position.h"; sourceTree = "<group>"; };
		ADC4B7E2506D4F49AB054ED4 /* ColorSelector.h */ = {isa = PBXFileReference; lastKnownFileType = sourcecode.c.h; name = ColorSelector.h; path = "../../../../Cinder-Gwen/gwen/gwen/include/Gwen/Controls/Property/ColorSelector.h"; sourceTree = "<group>"; };
		AF180146A0E84E529D580B34 /* LabelClickable.h */ = {isa = PBXFileReference; lastKnownFileType = sourcecode.c.h; name = LabelClickable.h; path = "../../../../Cinder-Gwen/gwen/gwen/include/Gwen/Controls/LabelClickable.h"; sourceTree = "<group>"; };
		AF613DDC971B47A7A56FE918 /* TreeNode.cpp */ = {isa = PBXFileReference; lastKnownFileType = sourcecode.c.cpp; name = TreeNode.cpp; path = "../../../../Cinder-Gwen/gwen/gwen/src/Controls/TreeNode.cpp"; sourceTree = "<group>"; };
		AF93F7927BFB4082A1FA1ED8 /* Properties.h */ = {isa = PBXFileReference; lastKnownFileType = sourcecode.c.h; name = Properties.h; path = "../../../../Cinder-Gwen/gwen/gwen/include/Gwen/Controls/Properties.h"; sourceTree = "<group>"; };
		B2663E47AF054EAC9E02C338 /* HSVColorPicker.h */ = {isa = PBXFileReference; lastKnownFileType = sourcecode.c.h; name = HSVColorPicker.h; path = "../../../../Cinder-Gwen/gwen/gwen/include/Gwen/Controls/HSVColorPicker.h"; sourceTree = "<group>"; };
		B54A28D898CA4BC19EFC175C /* Canvas.cpp */ = {isa = PBXFileReference; lastKnownFileType = sourcecode.c.cpp; name = Canvas.cpp; path = "../../../../Cinder-Gwen/gwen/gwen/src/Controls/Canvas.cpp"; sourceTree = "<group>"; };
		B75DF7C35B5F47ABB686ACAE /* RadioButton.cpp */ = {isa = PBXFileReference; lastKnownFileType = sourcecode.c.cpp; name = RadioButton.cpp; path = "../../../../Cinder-Gwen/gwen/gwen/src/Controls/RadioButton.cpp"; sourceTree = "<group>"; };
		B792E17EC628483297D46DAE /* Font.h */ = {isa = PBXFileReference; lastKnownFileType = sourcecode.c.h; name = Font.h; path = "../../../../Cinder-Gwen/gwen/gwen/include/Gwen/Font.h"; sourceTree = "<group>"; };
		B7CB0B9BFD204C8995D73338 /* ImportExport.h */ = {isa = PBXFileReference; lastKnownFileType = sourcecode.c.h; name = ImportExport.h; path = "../../../../Cinder-Gwen/gwen/gwen/include/Gwen/Util/ImportExport.h"; sourceTree = "<group>"; };
		B7EAD8F151644490BE8393F2 /* SplitterBar.h */ = {isa = PBXFileReference; lastKnownFileType = sourcecode.c.h; name = SplitterBar.h; path = "../../../../Cinder-Gwen/gwen/gwen/include/Gwen/Controls/SplitterBar.h"; sourceTree = "<group>"; };
		B95DF11A3D1448839F13FAA7 /* Rectangle.cpp */ = {isa = PBXFileReference; lastKnownFileType = sourcecode.c.cpp; name = Rectangle.cpp; path = "../../../../Cinder-Gwen/gwen/gwen/src/Controls/Rectangle.cpp"; sourceTree = "<group>"; };
		BA0B083A1886479399D244F5 /* Slider.h */ = {isa = PBXFileReference; lastKnownFileType = sourcecode.c.h; name = Slider.h; path = "../../../../Cinder-Gwen/gwen/gwen/include/Gwen/Controls/Slider.h"; sourceTree = "<group>"; };
		BA4A8E546EFF45AFA2020469 /* Dragger.cpp */ = {isa = PBXFileReference; lastKnownFileType = sourcecode.c.cpp; name = Dragger.cpp; path = "../../../../Cinder-Gwen/gwen/gwen/src/Controls/Dragger.cpp"; sourceTree = "<group>"; };
		BAD7DC0620A845A99EBA43D4 /* events.cpp */ = {isa = PBXFileReference; lastKnownFileType = sourcecode.c.cpp; name = events.cpp; path = "../../../../Cinder-Gwen/gwen/gwen/src/events.cpp"; sourceTree = "<group>"; };
		BAE6CF46F155451FB72234C9 /* CrossSplitter.cpp */ = {isa = PBXFileReference; lastKnownFileType = sourcecode.c.cpp; name = CrossSplitter.cpp; path = "../../../../Cinder-Gwen/gwen/gwen/src/Controls/CrossSplitter.cpp"; sourceTree = "<group>"; };
		BBBC5134A5C84C9591E9F071 /* Events.h */ = {isa = PBXFileReference; lastKnownFileType = sourcecode.c.h; name = Events.h; path = "../../../../Cinder-Gwen/gwen/gwen/include/Gwen/Events.h"; sourceTree = "<group>"; };
		BCF6E070C4894486913C888A /* ComboBox.cpp */ = {isa = PBXFileReference; lastKnownFileType = sourcecode.c.cpp; name = ComboBox.cpp; path = "../../../../Cinder-Gwen/gwen/gwen/src/Controls/ComboBox.cpp"; sourceTree = "<group>"; };
		BEC6458FE3AA4E51AFFE4E9B /* inputhandler.cpp */ = {isa = PBXFileReference; lastKnownFileType = sourcecode.c.cpp; name = inputhandler.cpp; path = "../../../../Cinder-Gwen/gwen/gwen/src/inputhandler.cpp"; sourceTree = "<group>"; };
		BECAFB59AAAF4E168C38B50E /* BaseProperty.h */ = {isa = PBXFileReference; lastKnownFileType = sourcecode.c.h; name = BaseProperty.h; path = "../../../../Cinder-Gwen/gwen/gwen/include/Gwen/Controls/Property/BaseProperty.h"; sourceTree = "<group>"; };
		C0847B16A71044F4BBF65FEA /* ColorControls.h */ = {isa = PBXFileReference; lastKnownFileType = sourcecode.c.h; name = ColorControls.h; path = "../../../../Cinder-Gwen/gwen/gwen/include/Gwen/Controls/ColorControls.h"; sourceTree = "<group>"; };
		C1143665B37B476B88160000 /* Query.h */ = {isa = PBXFileReference; lastKnownFileType = sourcecode.c.h; name = Query.h; path = "../../../../Cinder-Gwen/gwen/gwen/include/Gwen/Controls/Dialogs/Query.h"; sourceTree = "<group>"; };
		C183FAB53AEC4F95A670754D /* InputHandler.h */ = {isa = PBXFileReference; lastKnownFileType = sourcecode.c.h; name = InputHandler.h; path = "../../../../Cinder-Gwen/gwen/gwen/include/Gwen/InputHandler.h"; sourceTree = "<group>"; };
		C19871768A7448CD9D3BB4C3 /* Checkbox.h */ = {isa = PBXFileReference; lastKnownFileType = sourcecode.c.h; name = Checkbox.h; path = "../../../../Cinder-Gwen/gwen/gwen/include/Gwen/Controls/Property/Checkbox.h"; sourceTree = "<group>"; };
		C250FF26B82247DD80C51470 /* Skin.cpp */ = {isa = PBXFileReference; lastKnownFileType = sourcecode.c.cpp; name = Skin.cpp; path = "../../../../Cinder-Gwen/gwen/gwen/src/Skin.cpp"; sourceTree = "<group>"; };
		C4CCD452FFA247BBA4758824 /* VerticalSlider.h */ = {isa = PBXFileReference; lastKnownFileType = sourcecode.c.h; name = VerticalSlider.h; path = "../../../../Cinder-Gwen/gwen/gwen/include/Gwen/Controls/VerticalSlider.h"; sourceTree = "<group>"; };
		C521E3ADE14E4E059E46FC0C /* TabControl.h */ = {isa = PBXFileReference; lastKnownFileType = sourcecode.c.h; name = TabControl.h; path = "../../../../Cinder-Gwen/gwen/gwen/include/Gwen/Controls/TabControl.h"; sourceTree = "<group>"; };
		C5A662C6BE1144D78BB6B943 /* FileOpen.h */ = {isa = PBXFileReference; lastKnownFileType = sourcecode.c.h; name = FileOpen.h; path = "../../../../Cinder-Gwen/gwen/gwen/include/Gwen/Controls/Dialogs/FileOpen.h"; sourceTree = "<group>"; };
		C600835F8EBF4260808869F5 /* ScrollBarButton.cpp */ = {isa = PBXFileReference; lastKnownFileType = sourcecode.c.cpp; name = ScrollBarButton.cpp; path = "../../../../Cinder-Gwen/gwen/gwen/src/Controls/ScrollBarButton.cpp"; sourceTree = "<group>"; };
		CA0C1A4059884A2BB826A1E6 /* ScrollBarButton.h */ = {isa = PBXFileReference; lastKnownFileType = sourcecode.c.h; name = ScrollBarButton.h; path = "../../../../Cinder-Gwen/gwen/gwen/include/Gwen/Controls/ScrollBarButton.h"; sourceTree = "<group>"; };
		CA3F6E54B30743969B680907 /* Texture.h */ = {isa = PBXFileReference; lastKnownFileType = sourcecode.c.h; name = Texture.h; path = "../../../../Cinder-Gwen/gwen/gwen/include/Gwen/Texture.h"; sourceTree = "<group>"; };
		CA8E2F20A25D4334AE48B78E /* Resources.h */ = {isa = PBXFileReference; lastKnownFileType = sourcecode.c.h; name = Resources.h; path = ../include/Resources.h; sourceTree = "<group>"; };
		CBC82BD97E084BE88DBBA9E2 /* GwenRendererGl.cpp */ = {isa = PBXFileReference; lastKnownFileType = sourcecode.c.cpp; name = GwenRendererGl.cpp; path = "../../../../Cinder-Gwen/src/cigwen/GwenRendererGl.cpp"; sourceTree = "<group>"; };
		CC19F838821D42209F52A3B1 /* Controls.h */ = {isa = PBXFileReference; lastKnownFileType = sourcecode.c.h; name = Controls.h; path = "../../../../Cinder-Gwen/gwen/gwen/include/Gwen/Controls.h"; sourceTree = "<group>"; };
		CC1B42A4B8F44A38AECE9148 /* Folder.h */ = {isa = PBXFileReference; lastKnownFileType = sourcecode.c.h; name = Folder.h; path = "../../../../Cinder-Gwen/gwen/gwen/include/Gwen/Controls/Property/Folder.h"; sourceTree = "<group>"; };
		CE5B770241874BB7AAA6DCE7 /* TreeControl.cpp */ = {isa = PBXFileReference; lastKnownFileType = sourcecode.c.cpp; name = TreeControl.cpp; path = "../../../../Cinder-Gwen/gwen/gwen/src/Controls/TreeControl.cpp"; sourceTree = "<group>"; };
		CEE45F6757ED421F8D3C77C5 /* ControlList.h */ = {isa = PBXFileReference; lastKnownFileType = sourcecode.c.h; name = ControlList.h; path = "../../../../Cinder-Gwen/gwen/gwen/include/Gwen/ControlList.h"; sourceTree = "<group>"; };
		CFAEF5D45618416F80197239 /* BaseRender.cpp */ = {isa = PBXFileReference; lastKnownFileType = sourcecode.c.cpp; name = BaseRender.cpp; path = "../../../../Cinder-Gwen/gwen/gwen/src/BaseRender.cpp"; sourceTree = "<group>"; };
		CFDE26F888EA4450A0C28AEE /* ListBox.h */ = {isa = PBXFileReference; lastKnownFileType = sourcecode.c.h; name = ListBox.h; path = "../../../../Cinder-Gwen/gwen/gwen/include/Gwen/Controls/ListBox.h"; sourceTree = "<group>"; };
		D048D9EE3C244361A734439D /* CinderGwen.cpp */ = {isa = PBXFileReference; explicitFileType = sourcecode.cpp.objcpp; name = CinderGwen.cpp; path = "../../../../Cinder-Gwen/src/cigwen/CinderGwen.cpp"; sourceTree = "<group>"; };
		D1ABC32652964E9BB10A9B08 /* Texturing.h */ = {isa = PBXFileReference; lastKnownFileType = sourcecode.c.h; name = Texturing.h; path = "../../../../Cinder-Gwen/gwen/gwen/include/Gwen/Skins/Texturing.h"; sourceTree = "<group>"; };
		D437448426E54DC7BD53235D /* TabTitleBar.h */ = {isa = PBXFileReference; lastKnownFileType = sourcecode.c.h; name = TabTitleBar.h; path = "../../../../Cinder-Gwen/gwen/gwen/include/Gwen/Controls/TabTitleBar.h"; sourceTree = "<group>"; };
		D442D4798A174B83A1E127BD /* Modal.h */ = {isa = PBXFileReference; lastKnownFileType = sourcecode.c.h; name = Modal.h; path = "../../../../Cinder-Gwen/gwen/gwen/include/Gwen/Controls/Modal.h"; sourceTree = "<group>"; };
		D60F23F47F8541EEA081178B /* StatusBar.h */ = {isa = PBXFileReference; lastKnownFileType = sourcecode.c.h; name = StatusBar.h; path = "../../../../Cinder-Gwen/gwen/gwen/include/Gwen/Controls/StatusBar.h"; sourceTree = "<group>"; };
		D94B3D7C93E045C69E61E36C /* ScrollControl.h */ = {isa = PBXFileReference; lastKnownFileType = sourcecode.c.h; name = ScrollControl.h; path = "../../../../Cinder-Gwen/gwen/gwen/include/Gwen/Controls/ScrollControl.h"; sourceTree = "<group>"; };
		E25F9781F08B463A92A2E49C /* Macros.h */ = {isa = PBXFileReference; lastKnownFileType = sourcecode.c.h; name = Macros.h; path = "../../../../Cinder-Gwen/gwen/gwen/include/Gwen/Macros.h"; sourceTree = "<group>"; };
		E3BFBC4FFB61445DA9657723 /* ScrollBar.cpp */ = {isa = PBXFileReference; lastKnownFileType = sourcecode.c.cpp; name = ScrollBar.cpp; path = "../../../../Cinder-Gwen/gwen/gwen/src/Controls/ScrollBar.cpp"; sourceTree = "<group>"; };
		E4DEE49AFF944D31906643D7 /* NumericUpDown.h */ = {isa = PBXFileReference; lastKnownFileType = sourcecode.c.h; name = NumericUpDown.h; path = "../../../../Cinder-Gwen/gwen/gwen/include/Gwen/Controls/NumericUpDown.h"; sourceTree = "<group>"; };
		E63275FD8FB94C5692641EF6 /* ResizableControl.cpp */ = {isa = PBXFileReference; lastKnownFileType = sourcecode.c.cpp; name = ResizableControl.cpp; path = "../../../../Cinder-Gwen/gwen/gwen/src/Controls/ResizableControl.cpp"; sourceTree = "<group>"; };
		E6906EEF903A43B08F7B9761 /* PropertyTree.cpp */ = {isa = PBXFileReference; lastKnownFileType = sourcecode.c.cpp; name = PropertyTree.cpp; path = "../../../../Cinder-Gwen/gwen/gwen/src/Controls/PropertyTree.cpp"; sourceTree = "<group>"; };
		E9407236C2E249D3841E5EFB /* CheckBox.cpp */ = {isa = PBXFileReference; lastKnownFileType = sourcecode.c.cpp; name = CheckBox.cpp; path = "../../../../Cinder-Gwen/gwen/gwen/src/Controls/CheckBox.cpp"; sourceTree = "<group>"; };
		E95AA9CB976747D8BF3EE780 /* ImagePanel.h */ = {isa = PBXFileReference; lastKnownFileType = sourcecode.c.h; name = ImagePanel.h; path = "../../../../Cinder-Gwen/gwen/gwen/include/Gwen/Controls/ImagePanel.h"; sourceTree = "<group>"; };
		EA83A451230D4C31848FEE0D /* CollapsibleList.h */ = {isa = PBXFileReference; lastKnownFileType = sourcecode.c.h; name = CollapsibleList.h; path = "../../../../Cinder-Gwen/gwen/gwen/include/Gwen/Controls/CollapsibleList.h"; sourceTree = "<group>"; };
		EAAAA0FEEB0C451FAFE962B9 /* RadioButtonController.h */ = {isa = PBXFileReference; lastKnownFileType = sourcecode.c.h; name = RadioButtonController.h; path = "../../../../Cinder-Gwen/gwen/gwen/include/Gwen/Controls/RadioButtonController.h"; sourceTree = "<group>"; };
		ED0ABCC33BED4392B5CED10D /* CheckBox.h */ = {isa = PBXFileReference; lastKnownFileType = sourcecode.c.h; name = CheckBox.h; path = "../../../../Cinder-Gwen/gwen/gwen/include/Gwen/Controls/CheckBox.h"; sourceTree = "<group>"; };
		ED62651264BB49098EE34FEE /* TextBoxNumeric.cpp */ = {isa = PBXFileReference; lastKnownFileType = sourcecode.c.cpp; name = TextBoxNumeric.cpp; path = "../../../../Cinder-Gwen/gwen/gwen/src/Controls/TextBoxNumeric.cpp"; sourceTree = "<group>"; };
		EF620E8394844197B87DF3FD /* Menu.cpp */ = {isa = PBXFileReference; lastKnownFileType = sourcecode.c.cpp; name = Menu.cpp; path = "../../../../Cinder-Gwen/gwen/gwen/src/Controls/Menu.cpp"; sourceTree = "<group>"; };
		F100BA7A88B74D0AA0D6B193 /* HorizontalSlider.cpp */ = {isa = PBXFileReference; lastKnownFileType = sourcecode.c.cpp; name = HorizontalSlider.cpp; path = "../../../../Cinder-Gwen/gwen/gwen/src/Controls/HorizontalSlider.cpp"; sourceTree = "<group>"; };
		F2E54FA134734E0E948A4D69 /* Hook.h */ = {isa = PBXFileReference; lastKnownFileType = sourcecode.c.h; name = Hook.h; path = "../../../../Cinder-Gwen/gwen/gwen/include/Gwen/Hook.h"; sourceTree = "<group>"; };
		F48896E0EA474AA294388DDE /* MenuItem.cpp */ = {isa = PBXFileReference; lastKnownFileType = sourcecode.c.cpp; name = MenuItem.cpp; path = "../../../../Cinder-Gwen/gwen/gwen/src/Controls/MenuItem.cpp"; sourceTree = "<group>"; };
		F4F1E447C7434692892349BB /* GwenInput.h */ = {isa = PBXFileReference; lastKnownFileType = sourcecode.c.h; name = GwenInput.h; path = "../../../../Cinder-Gwen/src/cigwen/GwenInput.h"; sourceTree = "<group>"; };
		F8300DFEA33B4FDF83D213B4 /* TabButton.cpp */ = {isa = PBXFileReference; lastKnownFileType = sourcecode.c.cpp; name = TabButton.cpp; path = "../../../../Cinder-Gwen/gwen/gwen/src/Controls/TabButton.cpp"; sourceTree = "<group>"; };
		F8F2F431EA524CBDA5951608 /* Properties.cpp */ = {isa = PBXFileReference; lastKnownFileType = sourcecode.c.cpp; name = Properties.cpp; path = "../../../../Cinder-Gwen/gwen/gwen/src/Controls/Properties.cpp"; sourceTree = "<group>"; };
		FBB754030B6F4A5B9583281D /* Menu.h */ = {isa = PBXFileReference; lastKnownFileType = sourcecode.c.h; name = Menu.h; path = "../../../../Cinder-Gwen/gwen/gwen/include/Gwen/Controls/Menu.h"; sourceTree = "<group>"; };
		FD26E57D5A2F4905A9981E13 /* ControlFactory.h */ = {isa = PBXFileReference; lastKnownFileType = sourcecode.c.h; name = ControlFactory.h; path = "../../../../Cinder-Gwen/gwen/gwen/include/Gwen/Util/ControlFactory.h"; sourceTree = "<group>"; };
		FE685E4744774CF9BBD33054 /* GwenInput.cpp */ = {isa = PBXFileReference; lastKnownFileType = sourcecode.c.cpp; name = GwenInput.cpp; path = "../../../../Cinder-Gwen/src/cigwen/GwenInput.cpp"; sourceTree = "<group>"; };
		FE77A841F39F44B1954E7E74 /* Text.h */ = {isa = PBXFileReference; lastKnownFileType = sourcecode.c.h; name = Text.h; path = "../../../../Cinder-Gwen/gwen/gwen/include/Gwen/Controls/Property/Text.h"; sourceTree = "<group>"; };
		FF4A7F4E3D93403297BABF12 /* PageControl.h */ = {isa = PBXFileReference; lastKnownFileType = sourcecode.c.h; name = PageControl.h; path = "../../../../Cinder-Gwen/gwen/gwen/include/Gwen/Controls/PageControl.h"; sourceTree = "<group>"; };
/* End PBXFileReference section */

/* Begin PBXFrameworksBuildPhase section */
		8D11072E0486CEB800E47090 /* Frameworks */ = {
			isa = PBXFrameworksBuildPhase;
			buildActionMask = 2147483647;
			files = (
				8D11072F0486CEB800E47090 /* Cocoa.framework in Frameworks */,
				0091D8F90E81B9330029341E /* OpenGL.framework in Frameworks */,
				5323E6B20EAFCA74003A9687 /* CoreVideo.framework in Frameworks */,
				5323E6B60EAFCA7E003A9687 /* QTKit.framework in Frameworks */,
				00B784B30FF439BC000DE1D7 /* Accelerate.framework in Frameworks */,
				00B784B40FF439BC000DE1D7 /* AudioToolbox.framework in Frameworks */,
				00B784B50FF439BC000DE1D7 /* AudioUnit.framework in Frameworks */,
				00B784B60FF439BC000DE1D7 /* CoreAudio.framework in Frameworks */,
			);
			runOnlyForDeploymentPostprocessing = 0;
		};
/* End PBXFrameworksBuildPhase section */

/* Begin PBXGroup section */
		01B97315FEAEA392516A2CEA /* Blocks */ = {
			isa = PBXGroup;
			children = (
				1007917317845C570010CC80 /* ciXtract */,
				0C57608F4A5245FE8C1E9188 /* Gwen */,
			);
			name = Blocks;
			sourceTree = "<group>";
		};
		0376B8FC761244368B6EDEB3 /* Dialog */ = {
			isa = PBXGroup;
			children = (
				9C86EC6A24EA41939837B765 /* FileOpen.cpp */,
				985BB61DA6EA423784AE6966 /* FileSave.cpp */,
				5099EFC3B6164135B91234C1 /* FolderOpen.cpp */,
				24E8A3F59D98485FBDC17019 /* Query.cpp */,
			);
			name = Dialog;
			sourceTree = "<group>";
		};
		05CF7F604BF749849CB7F022 /* Dialogs */ = {
			isa = PBXGroup;
			children = (
				C5A662C6BE1144D78BB6B943 /* FileOpen.h */,
				60CBC07CD536494BB41F52E1 /* FileSave.h */,
				1AC42036851042B8BB436524 /* FolderOpen.h */,
				C1143665B37B476B88160000 /* Query.h */,
			);
			name = Dialogs;
			sourceTree = "<group>";
		};
		080E96DDFE201D6D7F000001 /* Source */ = {
			isa = PBXGroup;
			children = (
				101099AF1782EC39001F19F9 /* ScalarWidget.cpp */,
				101099B41782F039001F19F9 /* VectorWidget.cpp */,
				A21318A286B64272A75C6DC5 /* GwenSampleApp.cpp */,
			);
			name = Source;
			sourceTree = "<group>";
		};
		0894EC92CB324DA4B854F90D /* Layout */ = {
			isa = PBXGroup;
			children = (
				ACED6DFE8A844F91A01A9963 /* Position.h */,
				9931309C6B2F4514B18ED82A /* Table.h */,
				7E649224546542D89CB1878D /* Tile.h */,
			);
			name = Layout;
			sourceTree = "<group>";
		};
		0C57608F4A5245FE8C1E9188 /* Gwen */ = {
			isa = PBXGroup;
			children = (
				AFE6353845C04961B526B658 /* src */,
				80915909E77247E6ACDBEED4 /* gwen */,
			);
			name = Gwen;
			sourceTree = "<group>";
		};
		1007917317845C570010CC80 /* ciXtract */ = {
			isa = PBXGroup;
			children = (
				100791B017845C570010CC80 /* src */,
			);
			name = ciXtract;
			path = ../../..;
			sourceTree = "<group>";
		};
		100791B017845C570010CC80 /* src */ = {
			isa = PBXGroup;
			children = (
				100791B117845C570010CC80 /* ciXtract.cpp */,
				100791B217845C570010CC80 /* ciXtract.h */,
				106DED7E17857E0300AFF68F /* ciXtractFeature.cpp */,
				100791F517845DBD0010CC80 /* ciXtractFeature.h */,
				100791B317845C570010CC80 /* delta.c */,
				100791B417845C570010CC80 /* descriptors.c */,
				100791B517845C570010CC80 /* fft.h */,
				100791B617845C570010CC80 /* fini.c */,
				100791B717845C570010CC80 /* helper.c */,
				100791B817845C570010CC80 /* init.c */,
				100791BB17845C570010CC80 /* ooura */,
				100791BE17845C570010CC80 /* scalar.c */,
				100791BF17845C570010CC80 /* vector.c */,
				100791C017845C570010CC80 /* window.c */,
				100791C117845C570010CC80 /* xtract */,
				100791CA17845C570010CC80 /* xtract_globals_private.h */,
				100791CB17845C570010CC80 /* xtract_macros_private.h */,
				100791CC17845C570010CC80 /* xtract_window_private.h */,
			);
			path = src;
			sourceTree = "<group>";
		};
		100791BB17845C570010CC80 /* ooura */ = {
			isa = PBXGroup;
			children = (
				100791BC17845C570010CC80 /* fftsg.c */,
				100791BD17845C570010CC80 /* fftsg.h */,
			);
			path = ooura;
			sourceTree = "<group>";
		};
		100791C117845C570010CC80 /* xtract */ = {
			isa = PBXGroup;
			children = (
				100791C217845C570010CC80 /* libxtract.h */,
				100791C317845C570010CC80 /* Makefile.am */,
				100791C417845C570010CC80 /* xtract_delta.h */,
				100791C517845C570010CC80 /* xtract_helper.h */,
				100791C617845C570010CC80 /* xtract_macros.h */,
				100791C717845C570010CC80 /* xtract_scalar.h */,
				100791C817845C570010CC80 /* xtract_types.h */,
				100791C917845C570010CC80 /* xtract_vector.h */,
			);
			path = xtract;
			sourceTree = "<group>";
		};
		105829B16A344C7A8349340E /* include */ = {
			isa = PBXGroup;
			children = (
				BE717ABCCD3A4BB89575B5F5 /* Gwen */,
			);
			name = include;
			sourceTree = "<group>";
		};
		1058C7A0FEA54F0111CA2CBB /* Linked Frameworks */ = {
			isa = PBXGroup;
			children = (
				00B784AF0FF439BC000DE1D7 /* Accelerate.framework */,
				00B784B00FF439BC000DE1D7 /* AudioToolbox.framework */,
				00B784B10FF439BC000DE1D7 /* AudioUnit.framework */,
				00B784B20FF439BC000DE1D7 /* CoreAudio.framework */,
				5323E6B50EAFCA7E003A9687 /* QTKit.framework */,
				5323E6B10EAFCA74003A9687 /* CoreVideo.framework */,
				0091D8F80E81B9330029341E /* OpenGL.framework */,
				1058C7A1FEA54F0111CA2CBB /* Cocoa.framework */,
			);
			name = "Linked Frameworks";
			sourceTree = "<group>";
		};
		1058C7A2FEA54F0111CA2CBB /* Other Frameworks */ = {
			isa = PBXGroup;
			children = (
				29B97324FDCFA39411CA2CEA /* AppKit.framework */,
				29B97325FDCFA39411CA2CEA /* Foundation.framework */,
			);
			name = "Other Frameworks";
			sourceTree = "<group>";
		};
		14BE4D5C060A4194B21CD245 /* Property */ = {
			isa = PBXGroup;
			children = (
				BECAFB59AAAF4E168C38B50E /* BaseProperty.h */,
				C19871768A7448CD9D3BB4C3 /* Checkbox.h */,
				ADC4B7E2506D4F49AB054ED4 /* ColorSelector.h */,
				2D59F0D827644DC2AE93E0ED /* ComboBox.h */,
				AB5869E1BC9544F58117ADA9 /* File.h */,
				CC1B42A4B8F44A38AECE9148 /* Folder.h */,
				FE77A841F39F44B1954E7E74 /* Text.h */,
			);
			name = Property;
			sourceTree = "<group>";
		};
		19C28FACFE9D520D11CA2CBB /* Products */ = {
			isa = PBXGroup;
			children = (
				8D1107320486CEB800E47090 /* GwenSample.app */,
			);
			name = Products;
			sourceTree = "<group>";
		};
		23B24D1FBCC54294B4F6AA7C /* gwen */ = {
			isa = PBXGroup;
			children = (
				105829B16A344C7A8349340E /* include */,
				2AF9EB1AFAB84F2E8087D6BC /* src */,
			);
			name = gwen;
			sourceTree = "<group>";
		};
		29B97314FDCFA39411CA2CEA /* GwenSample */ = {
			isa = PBXGroup;
			children = (
				01B97315FEAEA392516A2CEA /* Blocks */,
				29B97315FDCFA39411CA2CEA /* Headers */,
				080E96DDFE201D6D7F000001 /* Source */,
				29B97317FDCFA39411CA2CEA /* Resources */,
				29B97323FDCFA39411CA2CEA /* Frameworks */,
				19C28FACFE9D520D11CA2CBB /* Products */,
			);
			name = GwenSample;
			sourceTree = "<group>";
		};
		29B97315FDCFA39411CA2CEA /* Headers */ = {
			isa = PBXGroup;
			children = (
				101099B11782EC79001F19F9 /* WidgetBase.h */,
				1096FAB31782E97F001B6BBD /* ScalarWidget.h */,
				101099B21782EDF1001F19F9 /* VectorWidget.h */,
				CA8E2F20A25D4334AE48B78E /* Resources.h */,
				1371B72CA8F84EF1B6AC5905 /* GwenSample_Prefix.pch */,
			);
			name = Headers;
			sourceTree = "<group>";
		};
		29B97317FDCFA39411CA2CEA /* Resources */ = {
			isa = PBXGroup;
			children = (
				8FD454D9286642259C3D3121 /* CinderApp.icns */,
				899F511643B64E7D9AFEB585 /* Info.plist */,
			);
			name = Resources;
			sourceTree = "<group>";
		};
		29B97323FDCFA39411CA2CEA /* Frameworks */ = {
			isa = PBXGroup;
			children = (
				100791B917845C570010CC80 /* libxtract.c */,
				1058C7A0FEA54F0111CA2CBB /* Linked Frameworks */,
				1058C7A2FEA54F0111CA2CBB /* Other Frameworks */,
			);
			name = Frameworks;
			sourceTree = "<group>";
		};
		2AF9EB1AFAB84F2E8087D6BC /* src */ = {
			isa = PBXGroup;
			children = (
				390D1F63FE8C4F5FA9B4A87B /* Anim.cpp */,
				CFAEF5D45618416F80197239 /* BaseRender.cpp */,
				6B76580CA22B4738B92F247A /* ControlList.cpp */,
				264948C7182D41BD9FEB87B9 /* DragAndDrop.cpp */,
				BAD7DC0620A845A99EBA43D4 /* events.cpp */,
				ABDCCBCFD20841A4AEE1C17A /* Gwen.cpp */,
				85101A7214C242F5AF22A6F2 /* Hook.cpp */,
				BEC6458FE3AA4E51AFFE4E9B /* inputhandler.cpp */,
				C250FF26B82247DD80C51470 /* Skin.cpp */,
				A797445E4EA54B3EAE61B79F /* ToolTip.cpp */,
				94ED3DF9BE1D4AD7B007FDB2 /* Utility.cpp */,
				77CBFD0B6D2747A4A252D334 /* Controls */,
			);
			name = src;
			sourceTree = "<group>";
		};
		77CBFD0B6D2747A4A252D334 /* Controls */ = {
			isa = PBXGroup;
			children = (
				25216490283549BF8F5C3AFE /* Base.cpp */,
				400538699DC8452C8C3350C5 /* Button.cpp */,
				B54A28D898CA4BC19EFC175C /* Canvas.cpp */,
				E9407236C2E249D3841E5EFB /* CheckBox.cpp */,
				519DE3C4F6E44ED7BB89DD47 /* CollapsibleCategory.cpp */,
				788A97A29588405C800532E3 /* ColorControls.cpp */,
				01A3101DA8264689861A14DA /* ColorPicker.cpp */,
				BCF6E070C4894486913C888A /* ComboBox.cpp */,
				BAE6CF46F155451FB72234C9 /* CrossSplitter.cpp */,
				0532314DC5E84F7187929EC7 /* DockBase.cpp */,
				013874452278450798A80F65 /* DockedTabControl.cpp */,
				BA4A8E546EFF45AFA2020469 /* Dragger.cpp */,
				17E93506AB804353A7A24454 /* GroupBox.cpp */,
				258A68C49E834D12B879E14B /* HorizontalScrollBar.cpp */,
				F100BA7A88B74D0AA0D6B193 /* HorizontalSlider.cpp */,
				A7036F8AE9BA48A9922B9B44 /* HSVColorPicker.cpp */,
				AC481179F0ED4085AEB7980B /* ImagePanel.cpp */,
				A0F65B5E52B94EFCBD1E69C7 /* Label.cpp */,
				8DCCBFC585044E868257DE23 /* LabelClickable.cpp */,
				AA8D27948A45478D93A25A8F /* ListBox.cpp */,
				EF620E8394844197B87DF3FD /* Menu.cpp */,
				F48896E0EA474AA294388DDE /* MenuItem.cpp */,
				97140340B2104302AF6E8CAC /* MenuStrip.cpp */,
				A165824E47ED4C4B9419F3E7 /* NumericUpDown.cpp */,
				6BD9810E930341F9B20FF7FE /* PageControl.cpp */,
				7F7177D995DE4E3A976CAA1B /* ProgressBar.cpp */,
				F8F2F431EA524CBDA5951608 /* Properties.cpp */,
				E6906EEF903A43B08F7B9761 /* PropertyTree.cpp */,
				B75DF7C35B5F47ABB686ACAE /* RadioButton.cpp */,
				46F02150AC6E4883AE307B7E /* RadioButtonController.cpp */,
				B95DF11A3D1448839F13FAA7 /* Rectangle.cpp */,
				E63275FD8FB94C5692641EF6 /* ResizableControl.cpp */,
				1CFFA9ADD07649499E02EB4B /* Resizer.cpp */,
				6918BD893AD44C77AFAFA551 /* RichLabel.cpp */,
				E3BFBC4FFB61445DA9657723 /* ScrollBar.cpp */,
				330324C2224E4408A41F38BC /* ScrollBarBar.cpp */,
				C600835F8EBF4260808869F5 /* ScrollBarButton.cpp */,
				9E5B32A508A54EA88C03953F /* ScrollControl.cpp */,
				48DCE9FC199B4AFEA1ED0AE0 /* Slider.cpp */,
				62852FBB31834380AED430E2 /* SplitterBar.cpp */,
				F8300DFEA33B4FDF83D213B4 /* TabButton.cpp */,
				9D96AEFDA7414323BCDBDCD5 /* TabControl.cpp */,
				81735B6BB52A4474A9EB76D3 /* TabStrip.cpp */,
				9D3F67330EB04203AA9CDA9E /* Text.cpp */,
				0483A1CF4F8F4BDFBA385795 /* TextBox.cpp */,
				ED62651264BB49098EE34FEE /* TextBoxNumeric.cpp */,
				CE5B770241874BB7AAA6DCE7 /* TreeControl.cpp */,
				AF613DDC971B47A7A56FE918 /* TreeNode.cpp */,
				7578CCE413BB457E9B287733 /* VerticalScrollBar.cpp */,
				50AA5410E12544D19E2448CA /* VerticalSlider.cpp */,
				011F2DADD9B143C4AA3C19E0 /* WindowCanvas.cpp */,
				80EEE289F2D549848F57D502 /* WindowControl.cpp */,
				0376B8FC761244368B6EDEB3 /* Dialog */,
			);
			name = Controls;
			sourceTree = "<group>";
		};
		7F0DB4E9F5A442D3939A45F5 /* cigwen */ = {
			isa = PBXGroup;
			children = (
				8DF0FA0CA2DB4F1B9C27E679 /* CinderGwen.h */,
				F4F1E447C7434692892349BB /* GwenInput.h */,
				6C4961FDDB7B4BB19BC3913C /* GwenRendererGl.h */,
				CBC82BD97E084BE88DBBA9E2 /* GwenRendererGl.cpp */,
				FE685E4744774CF9BBD33054 /* GwenInput.cpp */,
				D048D9EE3C244361A734439D /* CinderGwen.cpp */,
			);
			name = cigwen;
			sourceTree = "<group>";
		};
		80915909E77247E6ACDBEED4 /* gwen */ = {
			isa = PBXGroup;
			children = (
				23B24D1FBCC54294B4F6AA7C /* gwen */,
				9FC40ACB60BA4D2A9C8AB50F /* assets */,
			);
			name = gwen;
			sourceTree = "<group>";
		};
		9B55A8E6B3BD49409870978B /* Controls */ = {
			isa = PBXGroup;
			children = (
				5915AF3F1EFB4802B1EE7BD4 /* Base.h */,
				120EDEE8FA644A919E069DBC /* Button.h */,
				702B45E6D47E4DF1AFA577FC /* Canvas.h */,
				ED0ABCC33BED4392B5CED10D /* CheckBox.h */,
				1AA233B0743F45A9BECEEEDD /* CollapsibleCategory.h */,
				EA83A451230D4C31848FEE0D /* CollapsibleList.h */,
				C0847B16A71044F4BBF65FEA /* ColorControls.h */,
				8FE5D95449644E3B88CD3499 /* ColorPicker.h */,
				12FC2B609E62441090A8723D /* ComboBox.h */,
				52E1C6320CDA445B86EDFB6D /* CrossSplitter.h */,
				4B63FB5C0FB84DFE8D34E65C /* DockBase.h */,
				0719EB6AA0D0497D90EFB457 /* DockedTabControl.h */,
				ACBE7DCBBD1F406EA873A762 /* Dragger.h */,
				639B1879C01C43238EFADFB6 /* FieldLabel.h */,
				0CAE0F41F94349D3AE7227D4 /* FilePicker.h */,
				9FEE8C08F6F447DD9C6FF903 /* FolderPicker.h */,
				4DFF10A8DAB74697A925C516 /* GroupBox.h */,
				183930D2E699465A9ABBA8C5 /* Highlight.h */,
				759E0261AC064F4BB1B8F64D /* HorizontalScrollBar.h */,
				9B0D004946DC40449478E028 /* HorizontalSlider.h */,
				B2663E47AF054EAC9E02C338 /* HSVColorPicker.h */,
				E95AA9CB976747D8BF3EE780 /* ImagePanel.h */,
				1871E4790BBE4C9CA0212C0E /* Label.h */,
				AF180146A0E84E529D580B34 /* LabelClickable.h */,
				CFDE26F888EA4450A0C28AEE /* ListBox.h */,
				FBB754030B6F4A5B9583281D /* Menu.h */,
				24FA1AB78F5C421192D6F25D /* MenuItem.h */,
				9770EFF6F18840F2862E3C3E /* MenuStrip.h */,
				D442D4798A174B83A1E127BD /* Modal.h */,
				E4DEE49AFF944D31906643D7 /* NumericUpDown.h */,
				FF4A7F4E3D93403297BABF12 /* PageControl.h */,
				836A34C933524971B39BB63F /* ProgressBar.h */,
				AF93F7927BFB4082A1FA1ED8 /* Properties.h */,
				479220DC53B741A294802A44 /* PropertyTree.h */,
				A877448823634CCC9808746B /* RadioButton.h */,
				EAAAA0FEEB0C451FAFE962B9 /* RadioButtonController.h */,
				60DA5EB03E7243659EAB7D72 /* Rectangle.h */,
				AA792E51BF044DB1888BE6CB /* ResizableControl.h */,
				4D14884DFC7E4A83899E5443 /* Resizer.h */,
				8CFA50F6D8FF4C44AF7C8F4F /* RichLabel.h */,
				142A8A1ACF6449A7B164F875 /* ScrollBar.h */,
				94AF7C85287D4EB1B019B3FD /* ScrollBarBar.h */,
				CA0C1A4059884A2BB826A1E6 /* ScrollBarButton.h */,
				D94B3D7C93E045C69E61E36C /* ScrollControl.h */,
				BA0B083A1886479399D244F5 /* Slider.h */,
				B7EAD8F151644490BE8393F2 /* SplitterBar.h */,
				2C79A64BA28748E1A70A105C /* Splitters.h */,
				D60F23F47F8541EEA081178B /* StatusBar.h */,
				854D92C908A34EC3A8FB6B71 /* TabButton.h */,
				C521E3ADE14E4E059E46FC0C /* TabControl.h */,
				9926BC3B7B184800962C4B3F /* TabStrip.h */,
				D437448426E54DC7BD53235D /* TabTitleBar.h */,
				6674888BEFB849E4B87E27A0 /* Text.h */,
				083C4DE1A75844878681DA5F /* TextBox.h */,
				75290B87B9914F59A5B52C46 /* ToolBar.h */,
				A3E99BA6D88940A3BA8366F4 /* TreeControl.h */,
				392CEAA545FB4B1AB93B43BF /* TreeNode.h */,
				9034372D2A41465BA8CE07FF /* VerticalScrollBar.h */,
				C4CCD452FFA247BBA4758824 /* VerticalSlider.h */,
				92166311E1FA4A84BCF8C353 /* WindowButtons.h */,
				9D8EB35FB8B74328AACB52EA /* WindowCanvas.h */,
				3741B91C8DC84E6F9AD2C4A9 /* WindowControl.h */,
				05CF7F604BF749849CB7F022 /* Dialogs */,
				0894EC92CB324DA4B854F90D /* Layout */,
				14BE4D5C060A4194B21CD245 /* Property */,
			);
			name = Controls;
			sourceTree = "<group>";
		};
		9FC40ACB60BA4D2A9C8AB50F /* assets */ = {
			isa = PBXGroup;
			children = (
				5331DB3875354B1ABA284100 /* DefaultSkin.png */,
			);
			name = assets;
			sourceTree = "<group>";
		};
		AFE6353845C04961B526B658 /* src */ = {
			isa = PBXGroup;
			children = (
				7F0DB4E9F5A442D3939A45F5 /* cigwen */,
			);
			name = src;
			sourceTree = "<group>";
		};
		BE717ABCCD3A4BB89575B5F5 /* Gwen */ = {
			isa = PBXGroup;
			children = (
				2255CEB0CBE440A99B3DC788 /* Align.h */,
				232A814766B1401CA11972AF /* Anim.h */,
				4174E053BE144C3EAED6A488 /* BaseRender.h */,
				3CAEC1E0B49A4454A4219D76 /* Config.h */,
				CEE45F6757ED421F8D3C77C5 /* ControlList.h */,
				CC19F838821D42209F52A3B1 /* Controls.h */,
				797A832540CB4370BC3DB93C /* DragAndDrop.h */,
				BBBC5134A5C84C9591E9F071 /* Events.h */,
				0B70908BBC5B46BC995D04AD /* Exports.h */,
				B792E17EC628483297D46DAE /* Font.h */,
				31CF350D13534987B1E11875 /* Gwen.h */,
				F2E54FA134734E0E948A4D69 /* Hook.h */,
				C183FAB53AEC4F95A670754D /* InputHandler.h */,
				E25F9781F08B463A92A2E49C /* Macros.h */,
				9373978688AB4A5C99C25BB4 /* Platform.h */,
				869CB352B30D4E4AACF7059B /* Skin.h */,
				8BC585CD9A674359928119AE /* Structures.h */,
				98D49BDF9E834BC6A9B7FC8F /* TextObject.h */,
				CA3F6E54B30743969B680907 /* Texture.h */,
				8E436A7717B74359BA855EF8 /* ToolTip.h */,
				827408CE68C747A4A04D7F81 /* UserData.h */,
				4D012E76060B4941A3FF4DB0 /* Utility.h */,
				784103C8FED14BEC898CE9F1 /* WindowProvider.h */,
				9B55A8E6B3BD49409870978B /* Controls */,
				E09E6D1F8F5A4F00ABA5F6E1 /* Skins */,
				D615F8497A5943E5A7831B3D /* Util */,
			);
			name = Gwen;
			sourceTree = "<group>";
		};
		D615F8497A5943E5A7831B3D /* Util */ = {
			isa = PBXGroup;
			children = (
				FD26E57D5A2F4905A9981E13 /* ControlFactory.h */,
				B7CB0B9BFD204C8995D73338 /* ImportExport.h */,
			);
			name = Util;
			sourceTree = "<group>";
		};
		E09E6D1F8F5A4F00ABA5F6E1 /* Skins */ = {
			isa = PBXGroup;
			children = (
				8A07FFC79F3948CA93EFA68E /* Simple.h */,
				4E100D2E5756423E847FF70A /* TexturedBase.h */,
				D1ABC32652964E9BB10A9B08 /* Texturing.h */,
			);
			name = Skins;
			sourceTree = "<group>";
		};
/* End PBXGroup section */

/* Begin PBXNativeTarget section */
		8D1107260486CEB800E47090 /* GwenSample */ = {
			isa = PBXNativeTarget;
			buildConfigurationList = C01FCF4A08A954540054247B /* Build configuration list for PBXNativeTarget "GwenSample" */;
			buildPhases = (
				8D1107290486CEB800E47090 /* Resources */,
				8D11072C0486CEB800E47090 /* Sources */,
				8D11072E0486CEB800E47090 /* Frameworks */,
			);
			buildRules = (
			);
			dependencies = (
			);
			name = GwenSample;
			productInstallPath = "$(HOME)/Applications";
			productName = GwenSample;
			productReference = 8D1107320486CEB800E47090 /* GwenSample.app */;
			productType = "com.apple.product-type.application";
		};
/* End PBXNativeTarget section */

/* Begin PBXProject section */
		29B97313FDCFA39411CA2CEA /* Project object */ = {
			isa = PBXProject;
			buildConfigurationList = C01FCF4E08A954540054247B /* Build configuration list for PBXProject "GwenSample" */;
			compatibilityVersion = "Xcode 3.2";
			developmentRegion = English;
			hasScannedForEncodings = 1;
			knownRegions = (
				English,
				Japanese,
				French,
				German,
			);
			mainGroup = 29B97314FDCFA39411CA2CEA /* GwenSample */;
			projectDirPath = "";
			projectRoot = "";
			targets = (
				8D1107260486CEB800E47090 /* GwenSample */,
			);
		};
/* End PBXProject section */

/* Begin PBXResourcesBuildPhase section */
		8D1107290486CEB800E47090 /* Resources */ = {
			isa = PBXResourcesBuildPhase;
			buildActionMask = 2147483647;
			files = (
				5C034FAEFAA84F82930B5927 /* CinderApp.icns in Resources */,
				520136A09C594937A7937BB8 /* DefaultSkin.png in Resources */,
				100791F017845C570010CC80 /* Makefile.am in Resources */,
			);
			runOnlyForDeploymentPostprocessing = 0;
		};
/* End PBXResourcesBuildPhase section */

/* Begin PBXSourcesBuildPhase section */
		8D11072C0486CEB800E47090 /* Sources */ = {
			isa = PBXSourcesBuildPhase;
			buildActionMask = 2147483647;
			files = (
				AD5B049B263B4A8583C3D235 /* GwenSampleApp.cpp in Sources */,
				2995CDB132154EBCBB75C044 /* GwenRendererGl.cpp in Sources */,
				D922B6346D99417AA56BFAA7 /* GwenInput.cpp in Sources */,
				25A1B2BEA5A24AEBACDCB8C3 /* CinderGwen.cpp in Sources */,
				B40CCAF8A699454AB8F0DB20 /* Anim.cpp in Sources */,
				A98EA83973BA4891B88D88C9 /* BaseRender.cpp in Sources */,
				351E436903EF4E2C952A65A1 /* ControlList.cpp in Sources */,
				5263DEF72A604FA485B43214 /* DragAndDrop.cpp in Sources */,
				9A8BEB0C23F5471E861E115F /* events.cpp in Sources */,
				12E45E6A118F45529A5224B0 /* Gwen.cpp in Sources */,
				487800FC1A6B4900859F82F4 /* Hook.cpp in Sources */,
				6225A1A2C68B4763AB7808D5 /* inputhandler.cpp in Sources */,
				33B28C4663B44244B63C6D2A /* Skin.cpp in Sources */,
				1C95E90FEC0B4A0CB42D4159 /* ToolTip.cpp in Sources */,
				92502EEF39A04F26B65178A8 /* Utility.cpp in Sources */,
				6AAE6444AC3E460A957D1D79 /* Base.cpp in Sources */,
				4836D52BFCF64AE594D66BA9 /* Button.cpp in Sources */,
				BDAB23BDF7774C1B8E4688B6 /* Canvas.cpp in Sources */,
				3EEEEEB1FA82462E9EDD4660 /* CheckBox.cpp in Sources */,
				C1916BCADA9F47B3945107CE /* CollapsibleCategory.cpp in Sources */,
				BADA0B1474D04DD0BB0F7D68 /* ColorControls.cpp in Sources */,
				EC8264F635954D859D3BD6C3 /* ColorPicker.cpp in Sources */,
				CC5496C7E1A34CCCAD3B30A7 /* ComboBox.cpp in Sources */,
				A3EC1F12101148F883B3C9AD /* CrossSplitter.cpp in Sources */,
				442BB3B5CA6A412A9C11DEBC /* DockBase.cpp in Sources */,
				6F6B90D0A2F545D2B258DDA1 /* DockedTabControl.cpp in Sources */,
				912A1ED0D98C49579FD877BF /* Dragger.cpp in Sources */,
				DA95E5F3A5164DE7950F15CB /* GroupBox.cpp in Sources */,
				906AFBAA299A4B03886D240A /* HorizontalScrollBar.cpp in Sources */,
				C3C83F823D274A738F15EF57 /* HorizontalSlider.cpp in Sources */,
				015C6CB3B33E45969BDCB5DF /* HSVColorPicker.cpp in Sources */,
				EE6C08C31B3D4DCF8C602E58 /* ImagePanel.cpp in Sources */,
				7220C9C8CC244D9BA33C9867 /* Label.cpp in Sources */,
				48E5C450BF124113823EB95D /* LabelClickable.cpp in Sources */,
				8FF7DFB713B74B69A2D74FDB /* ListBox.cpp in Sources */,
				369AA247CC5F498B8EC96D5B /* Menu.cpp in Sources */,
				5B95C1D35DF649BB8FD899C0 /* MenuItem.cpp in Sources */,
				28DF6EAEC8C44C1CB9C3B4B4 /* MenuStrip.cpp in Sources */,
				E220A1CF2BCA44BCB80B6B18 /* NumericUpDown.cpp in Sources */,
				DA8893F265D747E9A4F94AD9 /* PageControl.cpp in Sources */,
				43C82B65BE6E4C6CBFDFEB58 /* ProgressBar.cpp in Sources */,
				A54DC9898B3445EAB96EE203 /* Properties.cpp in Sources */,
				38C0762BF6FC445EA8FF677A /* PropertyTree.cpp in Sources */,
				1E59B0D3987D433DA6295AA3 /* RadioButton.cpp in Sources */,
				45035B5BDCB143D8A2F0594F /* RadioButtonController.cpp in Sources */,
				BF18143B4151472698960137 /* Rectangle.cpp in Sources */,
				3FFC6C5C04A0470BB0060D5D /* ResizableControl.cpp in Sources */,
				5CD84ADE92C54E788EDC58C7 /* Resizer.cpp in Sources */,
				43C5F406CCD842D597A1D714 /* RichLabel.cpp in Sources */,
				A8599D97441E46419A3B2CE6 /* ScrollBar.cpp in Sources */,
				E7C528298DBD4268894BE6FD /* ScrollBarBar.cpp in Sources */,
				724C31F4266D4ED0B15925EE /* ScrollBarButton.cpp in Sources */,
				59D85B0317D84D6BA5CAA8A0 /* ScrollControl.cpp in Sources */,
				D9AE0AB0BC99417E99126C93 /* Slider.cpp in Sources */,
				BE214833D3744F1682A14AD5 /* SplitterBar.cpp in Sources */,
				C573AE05C8D34E38896A7041 /* TabButton.cpp in Sources */,
				715F804FA14A422492DEAEDE /* TabControl.cpp in Sources */,
				45801144654B442EB31F80C6 /* TabStrip.cpp in Sources */,
				F82EC0CCDA784E5386D6C347 /* Text.cpp in Sources */,
				59CA79BB2F0D4559B262517C /* TextBox.cpp in Sources */,
				67D3BA0C214845889610A4A6 /* TextBoxNumeric.cpp in Sources */,
				DEDDA8ED6B2C442A9037351F /* TreeControl.cpp in Sources */,
				91B7D9385EED4CD49380F176 /* TreeNode.cpp in Sources */,
				1CC3DE22A4344DF597823685 /* VerticalScrollBar.cpp in Sources */,
				6C142F1EF9254D19917BE05F /* VerticalSlider.cpp in Sources */,
				2337A472A621456BB87D29E0 /* WindowCanvas.cpp in Sources */,
				105B71AB837F4C5C8B6D6D69 /* WindowControl.cpp in Sources */,
				E78F757916FF4B15BF188EC8 /* FileOpen.cpp in Sources */,
				DCAA2C931F9743B8AB577FA8 /* FileSave.cpp in Sources */,
				E7FAD403BC264BD58D982519 /* FolderOpen.cpp in Sources */,
				F0917AB9492B48C7BD0DE577 /* Query.cpp in Sources */,
				101099B01782EC39001F19F9 /* ScalarWidget.cpp in Sources */,
				101099B51782F039001F19F9 /* VectorWidget.cpp in Sources */,
				100791E417845C570010CC80 /* ciXtract.cpp in Sources */,
				100791E517845C570010CC80 /* delta.c in Sources */,
				100791E617845C570010CC80 /* descriptors.c in Sources */,
				100791E717845C570010CC80 /* fini.c in Sources */,
				100791E817845C570010CC80 /* helper.c in Sources */,
				100791E917845C570010CC80 /* init.c in Sources */,
				100791EA17845C570010CC80 /* libxtract.c in Sources */,
				100791EC17845C570010CC80 /* fftsg.c in Sources */,
				100791ED17845C570010CC80 /* scalar.c in Sources */,
				100791EE17845C570010CC80 /* vector.c in Sources */,
				100791EF17845C570010CC80 /* window.c in Sources */,
				106DED7F17857E0300AFF68F /* ciXtractFeature.cpp in Sources */,
			);
			runOnlyForDeploymentPostprocessing = 0;
		};
/* End PBXSourcesBuildPhase section */

/* Begin XCBuildConfiguration section */
		C01FCF4B08A954540054247B /* Debug */ = {
			isa = XCBuildConfiguration;
			buildSettings = {
				COMBINE_HIDPI_IMAGES = YES;
				COPY_PHASE_STRIP = NO;
				DEAD_CODE_STRIPPING = YES;
				GCC_DYNAMIC_NO_PIC = NO;
				GCC_INLINES_ARE_PRIVATE_EXTERN = YES;
				GCC_OPTIMIZATION_LEVEL = 0;
				GCC_PRECOMPILE_PREFIX_HEADER = YES;
				GCC_PREFIX_HEADER = GwenSample_Prefix.pch;
				GCC_PREPROCESSOR_DEFINITIONS = (
					"DEBUG=1",
					"$(inherited)",
				);
				GCC_SYMBOLS_PRIVATE_EXTERN = NO;
				INFOPLIST_FILE = Info.plist;
				INSTALL_PATH = "$(HOME)/Applications";
				OTHER_LDFLAGS = "\"$(CINDER_PATH)/lib/libcinder_d.a\"";
				PRODUCT_NAME = GwenSample;
				SYMROOT = ./build;
				WRAPPER_EXTENSION = app;
			};
			name = Debug;
		};
		C01FCF4C08A954540054247B /* Release */ = {
			isa = XCBuildConfiguration;
			buildSettings = {
				COMBINE_HIDPI_IMAGES = YES;
				DEAD_CODE_STRIPPING = YES;
				DEBUG_INFORMATION_FORMAT = "dwarf-with-dsym";
				GCC_FAST_MATH = YES;
				GCC_GENERATE_DEBUGGING_SYMBOLS = NO;
				GCC_INLINES_ARE_PRIVATE_EXTERN = YES;
				GCC_OPTIMIZATION_LEVEL = 3;
				GCC_PRECOMPILE_PREFIX_HEADER = YES;
				GCC_PREFIX_HEADER = GwenSample_Prefix.pch;
				GCC_SYMBOLS_PRIVATE_EXTERN = NO;
				INFOPLIST_FILE = Info.plist;
				INSTALL_PATH = "$(HOME)/Applications";
				OTHER_LDFLAGS = "\"$(CINDER_PATH)/lib/libcinder.a\"";
				PRODUCT_NAME = GwenSample;
				STRIP_INSTALLED_PRODUCT = YES;
				SYMROOT = ./build;
				WRAPPER_EXTENSION = app;
			};
			name = Release;
		};
		C01FCF4F08A954540054247B /* Debug */ = {
			isa = XCBuildConfiguration;
			buildSettings = {
				ALWAYS_SEARCH_USER_PATHS = NO;
				ARCHS = i386;
				CINDER_PATH = ../../../../..;
				CLANG_CXX_LANGUAGE_STANDARD = "c++0x";
				CLANG_CXX_LIBRARY = "libc++";
				GCC_WARN_ABOUT_RETURN_TYPE = YES;
				GCC_WARN_UNUSED_VARIABLE = YES;
				HEADER_SEARCH_PATHS = "\"$(CINDER_PATH)/boost\"";
				MACOSX_DEPLOYMENT_TARGET = 10.7;
				SDKROOT = macosx;
				USER_HEADER_SEARCH_PATHS = "\"$(CINDER_PATH)/include\" ../include \"../../../../Cinder-Gwen/src\" \"../../../../Cinder-Gwen/gwen/gwen/include\"";
			};
			name = Debug;
		};
		C01FCF5008A954540054247B /* Release */ = {
			isa = XCBuildConfiguration;
			buildSettings = {
				ALWAYS_SEARCH_USER_PATHS = NO;
				ARCHS = i386;
				CINDER_PATH = ../../../../..;
				CLANG_CXX_LANGUAGE_STANDARD = "c++0x";
				CLANG_CXX_LIBRARY = "libc++";
				GCC_WARN_ABOUT_RETURN_TYPE = YES;
				GCC_WARN_UNUSED_VARIABLE = YES;
				HEADER_SEARCH_PATHS = "\"$(CINDER_PATH)/boost\"";
				MACOSX_DEPLOYMENT_TARGET = 10.7;
				SDKROOT = macosx;
				USER_HEADER_SEARCH_PATHS = "\"$(CINDER_PATH)/include\" ../include \"../../../../Cinder-Gwen/src\" \"../../../../Cinder-Gwen/gwen/gwen/include\"";
			};
			name = Release;
		};
/* End XCBuildConfiguration section */

/* Begin XCConfigurationList section */
		C01FCF4A08A954540054247B /* Build configuration list for PBXNativeTarget "GwenSample" */ = {
			isa = XCConfigurationList;
			buildConfigurations = (
				C01FCF4B08A954540054247B /* Debug */,
				C01FCF4C08A954540054247B /* Release */,
			);
			defaultConfigurationIsVisible = 0;
			defaultConfigurationName = Release;
		};
		C01FCF4E08A954540054247B /* Build configuration list for PBXProject "GwenSample" */ = {
			isa = XCConfigurationList;
			buildConfigurations = (
				C01FCF4F08A954540054247B /* Debug */,
				C01FCF5008A954540054247B /* Release */,
			);
			defaultConfigurationIsVisible = 0;
			defaultConfigurationName = Release;
		};
/* End XCConfigurationList section */
	};
	rootObject = 29B97313FDCFA39411CA2CEA /* Project object */;
}
