<Project ToolsVersion="4.0" xmlns="http://schemas.microsoft.com/developer/msbuild/2003">
  <ItemGroup>
    <Filter Include="Source Files">
      <UniqueIdentifier>{4FC737F1-C7A5-4376-A066-2A32D752A2FF}</UniqueIdentifier>
      <Extensions>cpp;c;cc;cxx;def;odl;idl;hpj;bat;asm;asmx</Extensions>
    </Filter>
    <Filter Include="Header Files">
      <UniqueIdentifier>{93995380-89BD-4b04-88EB-625FBE52EBFB}</UniqueIdentifier>
      <Extensions>h;hpp;hxx;hm;inl;inc;xsd</Extensions>
    </Filter>
    <Filter Include="Resource Files">
      <UniqueIdentifier>{67DA6AB6-F800-4c08-8B7A-83BB121AAD01}</UniqueIdentifier>
      <Extensions>rc;ico;cur;bmp;dlg;rc2;rct;bin;rgs;gif;jpg;jpeg;jpe;resx;tiff;tif;png;wav</Extensions>
    </Filter>
    <Filter Include="Blocks">
      <UniqueIdentifier>{1FB7BD64-B1DD-41C7-8495-D5B2D5FEC281}</UniqueIdentifier>
    </Filter>
    <Filter Include="Blocks\ciXtract">
      <UniqueIdentifier>{00BE67D3-844C-444D-9949-C554F60D627F}</UniqueIdentifier>
    </Filter>
    <Filter Include="Blocks\ciXtract\src">
      <UniqueIdentifier>{C53C4706-43BB-46CE-B207-862C22AFE38B}</UniqueIdentifier>
    </Filter>
    <Filter Include="Blocks\ciXtract\src\xtract">
      <UniqueIdentifier>{71117630-2D16-464F-8EA2-CCEFDE5054C9}</UniqueIdentifier>
    </Filter>
  </ItemGroup>
  <ItemGroup>
    <ClCompile Include="..\src\BasicSampleApp.cpp">
      <Filter>Source Files</Filter>
    </ClCompile>
    <ClCompile Include="..\src\BasicSampleApp.cpp">
      <Filter>Source Files</Filter>
    </ClCompile>
    <ClInclude Include="..\include\Resources.h">
      <Filter>Header Files</Filter>
    </ClInclude>
    <ClCompile Include="..\..\..\src\ciXtract.cpp">
      <Filter>Blocks\ciXtract\src</Filter>
    </ClCompile>
    <ClCompile Include="..\..\..\src\ciXtractFeature.cpp">
      <Filter>Blocks\ciXtract\src</Filter>
    </ClCompile>
    <ClCompile Include="..\..\..\src\ciXtractScalarFeature.cpp">
      <Filter>Blocks\ciXtract\src</Filter>
    </ClCompile>
    <ClCompile Include="..\..\..\src\ciXtractVectorFeature.cpp">
      <Filter>Blocks\ciXtract\src</Filter>
    </ClCompile>
    <ClInclude Include="..\..\..\src\ciXtract.h">
      <Filter>Blocks\ciXtract\src</Filter>
    </ClInclude>
    <ClInclude Include="..\..\..\src\ciXtractFeature.h">
      <Filter>Blocks\ciXtract\src</Filter>
    </ClInclude>
    <ClInclude Include="..\..\..\src\ciXtractScalarFeature.h">
      <Filter>Blocks\ciXtract\src</Filter>
    </ClInclude>
    <ClInclude Include="..\..\..\src\ciXtractUtilities.h">
      <Filter>Blocks\ciXtract\src</Filter>
    </ClInclude>
    <ClInclude Include="..\..\..\src\ciXtractVectorFeature.h">
      <Filter>Blocks\ciXtract\src</Filter>
    </ClInclude>
    <ClInclude Include="..\..\..\src\xtract\libxtract.h">
      <Filter>Blocks\ciXtract\src\xtract</Filter>
    </ClInclude>
    <ClInclude Include="..\..\..\src\xtract\xtract_delta.h">
      <Filter>Blocks\ciXtract\src\xtract</Filter>
    </ClInclude>
    <ClInclude Include="..\..\..\src\xtract\xtract_helper.h">
      <Filter>Blocks\ciXtract\src\xtract</Filter>
    </ClInclude>
    <ClInclude Include="..\..\..\src\xtract\xtract_macros.h">
      <Filter>Blocks\ciXtract\src\xtract</Filter>
    </ClInclude>
    <ClInclude Include="..\..\..\src\xtract\xtract_scalar.h">
      <Filter>Blocks\ciXtract\src\xtract</Filter>
    </ClInclude>
    <ClInclude Include="..\..\..\src\xtract\xtract_stateful.h">
      <Filter>Blocks\ciXtract\src\xtract</Filter>
    </ClInclude>
    <ClInclude Include="..\..\..\src\xtract\xtract_types.h">
      <Filter>Blocks\ciXtract\src\xtract</Filter>
    </ClInclude>
    <ClInclude Include="..\..\..\src\xtract\xtract_vector.h">
      <Filter>Blocks\ciXtract\src\xtract</Filter>
    </ClInclude>
  </ItemGroup>
  <ItemGroup>
    <ClInclude Include="..\include\Resources.h">
      <Filter>Header Files</Filter>
    </ClInclude>
  </ItemGroup>
  <ItemGroup>
    <ResourceCompile Include="Resources.rc">
      <Filter>Resource Files</Filter>
    </ResourceCompile>
  </ItemGroup>
</Project>
